<?xml version="1.0" encoding="UTF-8" standalone="yes" ?>
<CodeBlocks_project_file>
	<FileVersion major="1" minor="6" />
	<Project>
		<Option title="vender" />
		<Option pch_mode="2" />
		<Option compiler="gcc" />
		<Build>
			<Target title="Debug">
				<Option output="../bin/Debug/libvender" prefix_auto="1" extension_auto="1" />
				<Option working_dir="" />
				<Option object_output="obj/Debug/" />
				<Option type="2" />
				<Option compiler="gcc" />
				<Option createDefFile="1" />
				<Compiler>
					<Add option="-g" />
				</Compiler>
			</Target>
			<Target title="Release">
				<Option output="../bin/Release/libvender" prefix_auto="1" extension_auto="1" />
				<Option working_dir="" />
				<Option object_output="obj/Release/" />
				<Option type="2" />
				<Option compiler="gcc" />
				<Option createDefFile="1" />
				<Compiler>
					<Add option="-O3" />
				</Compiler>
				<Linker>
					<Add option="-s" />
				</Linker>
			</Target>
			<Target title="Debug32">
				<Option output="../bin/Debug32/libvender" prefix_auto="1" extension_auto="1" />
				<Option working_dir="" />
				<Option object_output="obj/Debug32/" />
				<Option type="2" />
				<Option compiler="gcc" />
				<Option createDefFile="1" />
				<Compiler>
					<Add option="-g" />
					<Add option="-m32" />
				</Compiler>
				<Linker>
					<Add option="-m32" />
				</Linker>
			</Target>
			<Target title="Release32">
				<Option output="../bin/Release32/libvender" prefix_auto="1" extension_auto="1" />
				<Option working_dir="" />
				<Option object_output="obj/Release32/" />
				<Option type="2" />
				<Option compiler="gcc" />
				<Option createDefFile="1" />
				<Compiler>
					<Add option="-O3" />
					<Add option="-m32" />
				</Compiler>
				<Linker>
					<Add option="-s" />
					<Add option="-m32" />
				</Linker>
			</Target>
			<Target title="WinDebug">
				<Option output="../bin/WinDebug/libvender" prefix_auto="1" extension_auto="1" />
				<Option working_dir="" />
				<Option object_output="obj/WinDebug/" />
				<Option type="2" />
				<Option compiler="gnu_gcc_compiler_for_mingw64" />
				<Option createDefFile="1" />
				<Compiler>
					<Add option="-g" />
				</Compiler>
			</Target>
			<Target title="WinRelease">
				<Option output="../bin/WinRelease/libvender" prefix_auto="1" extension_auto="1" />
				<Option working_dir="" />
				<Option object_output="obj/WinRelease/" />
				<Option type="2" />
				<Option compiler="gnu_gcc_compiler_for_mingw64" />
				<Option createDefFile="1" />
				<Compiler>
					<Add option="-O3" />
				</Compiler>
				<Linker>
					<Add option="-s" />
				</Linker>
			</Target>
			<Target title="WinDebug32">
				<Option output="../bin/WinDebug32/libvender" prefix_auto="1" extension_auto="1" />
				<Option working_dir="" />
				<Option object_output="obj/WinDebug32/" />
				<Option type="2" />
				<Option compiler="gnu_gcc_compiler_for_mingw" />
				<Option createDefFile="1" />
				<Compiler>
					<Add option="-g" />
				</Compiler>
			</Target>
			<Target title="WinRelease32">
				<Option output="../bin/WinRelease32/libvender" prefix_auto="1" extension_auto="1" />
				<Option working_dir="" />
				<Option object_output="obj/WinRelease32/" />
				<Option type="2" />
				<Option compiler="gnu_gcc_compiler_for_mingw" />
				<Option createDefFile="1" />
				<Compiler>
					<Add option="-O3" />
				</Compiler>
				<Linker>
					<Add option="-s" />
				</Linker>
			</Target>
		</Build>
		<VirtualTargets>
			<Add alias="all" targets="Debug;Release;Debug32;Release32;WinDebug;WinRelease;WinDebug32;WinRelease32;" />
			<Add alias="posix" targets="Debug;Release;Debug32;Release32;" />
			<Add alias="windows" targets="WinDebug;WinRelease;WinDebug32;WinRelease32;" />
		</VirtualTargets>
		<Compiler>
			<Add option="-pedantic" />
			<Add option="-Wall" />
			<Add option="-Wno-long-long" />
			<Add option="-fdata-sections" />
			<Add option="-ffunction-sections" />
			<Add option="-fno-rtti" />
			<Add directory="include" />
			<Add directory="src/v8/src" />
		</Compiler>
		<Unit filename="include/ev++.h" />
		<Unit filename="include/ev.h" />
		<Unit filename="include/exlib/fiber.h" />
		<Unit filename="include/exlib/lockfree.h" />
		<Unit filename="include/exlib/thread.h" />
		<Unit filename="include/exlib/utils.h" />
		<Unit filename="include/gd.h" />
		<Unit filename="include/gd_io.h" />
		<Unit filename="include/gdcache.h" />
		<Unit filename="include/gdfonts.h" />
		<Unit filename="include/gdfx.h" />
		<Unit filename="include/jconfig.h" />
		<Unit filename="include/jerror.h" />
		<Unit filename="include/jmorecfg.h" />
		<Unit filename="include/jpegint.h" />
		<Unit filename="include/jpeglib.h" />
		<Unit filename="include/log4cpp/AbortAppender.hh" />
		<Unit filename="include/log4cpp/Appender.hh" />
		<Unit filename="include/log4cpp/AppenderSkeleton.hh" />
		<Unit filename="include/log4cpp/AppendersFactory.hh" />
		<Unit filename="include/log4cpp/BasicConfigurator.hh" />
		<Unit filename="include/log4cpp/BasicLayout.hh" />
		<Unit filename="include/log4cpp/BufferingAppender.hh" />
		<Unit filename="include/log4cpp/Category.hh" />
		<Unit filename="include/log4cpp/CategoryStream.hh" />
		<Unit filename="include/log4cpp/Configurator.hh" />
		<Unit filename="include/log4cpp/Export.hh" />
		<Unit filename="include/log4cpp/FactoryParams.hh" />
		<Unit filename="include/log4cpp/FileAppender.hh" />
		<Unit filename="include/log4cpp/Filter.hh" />
		<Unit filename="include/log4cpp/FixedContextCategory.hh" />
		<Unit filename="include/log4cpp/HierarchyMaintainer.hh" />
		<Unit filename="include/log4cpp/IdsaAppender.hh" />
		<Unit filename="include/log4cpp/Layout.hh" />
		<Unit filename="include/log4cpp/LayoutAppender.hh" />
		<Unit filename="include/log4cpp/LayoutsFactory.hh" />
		<Unit filename="include/log4cpp/LevelEvaluator.hh" />
		<Unit filename="include/log4cpp/LoggingEvent.hh" />
		<Unit filename="include/log4cpp/Manipulator.hh" />
		<Unit filename="include/log4cpp/NDC.hh" />
		<Unit filename="include/log4cpp/NTEventLogAppender.hh" />
		<Unit filename="include/log4cpp/OstreamAppender.hh" />
		<Unit filename="include/log4cpp/PassThroughLayout.hh" />
		<Unit filename="include/log4cpp/PatternLayout.hh" />
		<Unit filename="include/log4cpp/Portability.hh" />
		<Unit filename="include/log4cpp/Priority.hh" />
		<Unit filename="include/log4cpp/PropertyConfigurator.hh" />
		<Unit filename="include/log4cpp/RemoteSyslogAppender.hh" />
		<Unit filename="include/log4cpp/RollingFileAppender.hh" />
		<Unit filename="include/log4cpp/SimpleConfigurator.hh" />
		<Unit filename="include/log4cpp/SimpleLayout.hh" />
		<Unit filename="include/log4cpp/StringQueueAppender.hh" />
		<Unit filename="include/log4cpp/SyslogAppender.hh" />
		<Unit filename="include/log4cpp/TimeStamp.hh" />
		<Unit filename="include/log4cpp/TriggeringEventEvaluator.hh" />
		<Unit filename="include/log4cpp/TriggeringEventEvaluatorFactory.hh" />
		<Unit filename="include/log4cpp/Win32DebugAppender.hh" />
		<Unit filename="include/log4cpp/config-MinGW32.h" />
		<Unit filename="include/log4cpp/config-openvms.h" />
		<Unit filename="include/log4cpp/config-win32.h" />
		<Unit filename="include/log4cpp/config.h" />
		<Unit filename="include/log4cpp/convenience.h" />
		<Unit filename="include/log4cpp/threading/BoostThreads.hh" />
		<Unit filename="include/log4cpp/threading/DummyThreads.hh" />
		<Unit filename="include/log4cpp/threading/MSThreads.hh" />
		<Unit filename="include/log4cpp/threading/OmniThreads.hh" />
		<Unit filename="include/log4cpp/threading/PThreads.hh" />
		<Unit filename="include/log4cpp/threading/Threading.hh" />
		<Unit filename="include/osconfig.h" />
		<Unit filename="include/png.h" />
		<Unit filename="include/pngconf.h" />
		<Unit filename="include/pnglibconf.h" />
		<Unit filename="include/tif_config.h" />
		<Unit filename="include/tiff.h" />
		<Unit filename="include/tiffio.h" />
		<Unit filename="include/tiffvers.h" />
		<Unit filename="include/v8/v8-debug.h" />
		<Unit filename="include/v8/v8-preparser.h" />
		<Unit filename="include/v8/v8-profiler.h" />
		<Unit filename="include/v8/v8-testing.h" />
		<Unit filename="include/v8/v8.h" />
		<Unit filename="include/v8/v8stdint.h" />
		<Unit filename="include/zconf.h" />
		<Unit filename="include/zlib.h" />
		<Unit filename="src/ev/config.h" />
		<Unit filename="src/ev/ev.c">
			<Option compilerVar="CC" />
		</Unit>
		<Unit filename="src/ev/ev_epoll.inl" />
		<Unit filename="src/ev/ev_kqueue.inl" />
		<Unit filename="src/ev/ev_poll.inl" />
		<Unit filename="src/ev/ev_port.inl" />
		<Unit filename="src/ev/ev_select.inl" />
		<Unit filename="src/ev/ev_vars.h" />
		<Unit filename="src/ev/ev_win32.inl" />
		<Unit filename="src/ev/ev_wrap.h" />
		<Unit filename="src/ev/event.c">
			<Option compilerVar="CC" />
		</Unit>
		<Unit filename="src/ev/event.h" />
		<Unit filename="src/exlib/fiber/fbAsyncEvent.cpp" />
		<Unit filename="src/exlib/fiber/fbCondVar.cpp" />
		<Unit filename="src/exlib/fiber/fbEvent.cpp" />
		<Unit filename="src/exlib/fiber/fbFiber.cpp" />
		<Unit filename="src/exlib/fiber/fbLocker.cpp" />
		<Unit filename="src/exlib/fiber/fbSemaphore.cpp" />
		<Unit filename="src/exlib/fiber/fbService.cpp" />
		<Unit filename="src/exlib/fiber/fbSwitch.cpp" />
		<Unit filename="src/exlib/fiber/fbTls.cpp" />
		<Unit filename="src/exlib/fiber/fb_setjmp.S" />
		<Unit filename="src/exlib/thread.cpp" />
		<Unit filename="src/exlib/utils.cpp" />
		<Unit filename="src/gd/bmp.h" />
		<Unit filename="src/gd/config.h" />
		<Unit filename="src/gd/entities.h" />
		<Unit filename="src/gd/gd.c">
			<Option compilerVar="CC" />
		</Unit>
		<Unit filename="src/gd/gd.h" />
		<Unit filename="src/gd/gd_bmp.c">
			<Option compilerVar="CC" />
		</Unit>
		<Unit filename="src/gd/gd_color.c">
			<Option compilerVar="CC" />
		</Unit>
		<Unit filename="src/gd/gd_color.h" />
		<Unit filename="src/gd/gd_color_map.c">
			<Option compilerVar="CC" />
		</Unit>
		<Unit filename="src/gd/gd_color_map.h" />
		<Unit filename="src/gd/gd_crop.c">
			<Option compilerVar="CC" />
		</Unit>
		<Unit filename="src/gd/gd_gd.c">
			<Option compilerVar="CC" />
		</Unit>
		<Unit filename="src/gd/gd_gd2.c">
			<Option compilerVar="CC" />
		</Unit>
		<Unit filename="src/gd/gd_gif_in.c">
			<Option compilerVar="CC" />
		</Unit>
		<Unit filename="src/gd/gd_gif_out.c">
			<Option compilerVar="CC" />
		</Unit>
		<Unit filename="src/gd/gd_io.c">
			<Option compilerVar="CC" />
		</Unit>
		<Unit filename="src/gd/gd_io.h" />
		<Unit filename="src/gd/gd_io_dp.c">
			<Option compilerVar="CC" />
		</Unit>
		<Unit filename="src/gd/gd_io_file.c">
			<Option compilerVar="CC" />
		</Unit>
		<Unit filename="src/gd/gd_io_ss.c">
			<Option compilerVar="CC" />
		</Unit>
		<Unit filename="src/gd/gd_io_stream.h" />
		<Unit filename="src/gd/gd_jpeg.c">
			<Option compilerVar="CC" />
		</Unit>
		<Unit filename="src/gd/gd_nnquant.c">
			<Option compilerVar="CC" />
		</Unit>
		<Unit filename="src/gd/gd_nnquant.h" />
		<Unit filename="src/gd/gd_pixelate.c">
			<Option compilerVar="CC" />
		</Unit>
		<Unit filename="src/gd/gd_png.c">
			<Option compilerVar="CC" />
		</Unit>
		<Unit filename="src/gd/gd_security.c">
			<Option compilerVar="CC" />
		</Unit>
		<Unit filename="src/gd/gd_ss.c">
			<Option compilerVar="CC" />
		</Unit>
		<Unit filename="src/gd/gd_tga.c">
			<Option compilerVar="CC" />
		</Unit>
		<Unit filename="src/gd/gd_tga.h" />
		<Unit filename="src/gd/gd_tiff.c">
			<Option compilerVar="CC" />
		</Unit>
		<Unit filename="src/gd/gd_topal.c">
			<Option compilerVar="CC" />
		</Unit>
		<Unit filename="src/gd/gd_transform.c">
			<Option compilerVar="CC" />
		</Unit>
		<Unit filename="src/gd/gd_wbmp.c">
			<Option compilerVar="CC" />
		</Unit>
		<Unit filename="src/gd/gdcache.c">
			<Option compilerVar="CC" />
		</Unit>
		<Unit filename="src/gd/gdfontg.c">
			<Option compilerVar="CC" />
		</Unit>
		<Unit filename="src/gd/gdfontg.h" />
		<Unit filename="src/gd/gdfontl.c">
			<Option compilerVar="CC" />
		</Unit>
		<Unit filename="src/gd/gdfontl.h" />
		<Unit filename="src/gd/gdfontmb.c">
			<Option compilerVar="CC" />
		</Unit>
		<Unit filename="src/gd/gdfontmb.h" />
		<Unit filename="src/gd/gdfonts.c">
			<Option compilerVar="CC" />
		</Unit>
		<Unit filename="src/gd/gdfonts.h" />
		<Unit filename="src/gd/gdfontt.c">
			<Option compilerVar="CC" />
		</Unit>
		<Unit filename="src/gd/gdfontt.h" />
		<Unit filename="src/gd/gdft.c">
			<Option compilerVar="CC" />
		</Unit>
		<Unit filename="src/gd/gdfx.h" />
		<Unit filename="src/gd/gdhelpers.c">
			<Option compilerVar="CC" />
		</Unit>
		<Unit filename="src/gd/gdhelpers.h" />
		<Unit filename="src/gd/gdkanji.c">
			<Option compilerVar="CC" />
		</Unit>
		<Unit filename="src/gd/gdpp.h" />
		<Unit filename="src/gd/gdtables.c">
			<Option compilerVar="CC" />
		</Unit>
		<Unit filename="src/gd/gdxpm.c">
			<Option compilerVar="CC" />
		</Unit>
		<Unit filename="src/gd/jisx0208.h" />
		<Unit filename="src/gd/wbmp.h" />
		<Unit filename="src/jpeg/jaricom.c">
			<Option compilerVar="CC" />
		</Unit>
		<Unit filename="src/jpeg/jcapimin.c">
			<Option compilerVar="CC" />
		</Unit>
		<Unit filename="src/jpeg/jcapistd.c">
			<Option compilerVar="CC" />
		</Unit>
		<Unit filename="src/jpeg/jcarith.c">
			<Option compilerVar="CC" />
		</Unit>
		<Unit filename="src/jpeg/jccoefct.c">
			<Option compilerVar="CC" />
		</Unit>
		<Unit filename="src/jpeg/jccolor.c">
			<Option compilerVar="CC" />
		</Unit>
		<Unit filename="src/jpeg/jcdctmgr.c">
			<Option compilerVar="CC" />
		</Unit>
		<Unit filename="src/jpeg/jchuff.c">
			<Option compilerVar="CC" />
		</Unit>
		<Unit filename="src/jpeg/jcinit.c">
			<Option compilerVar="CC" />
		</Unit>
		<Unit filename="src/jpeg/jcmainct.c">
			<Option compilerVar="CC" />
		</Unit>
		<Unit filename="src/jpeg/jcmarker.c">
			<Option compilerVar="CC" />
		</Unit>
		<Unit filename="src/jpeg/jcmaster.c">
			<Option compilerVar="CC" />
		</Unit>
		<Unit filename="src/jpeg/jcomapi.c">
			<Option compilerVar="CC" />
		</Unit>
		<Unit filename="src/jpeg/jconfig.h" />
		<Unit filename="src/jpeg/jcparam.c">
			<Option compilerVar="CC" />
		</Unit>
		<Unit filename="src/jpeg/jcprepct.c">
			<Option compilerVar="CC" />
		</Unit>
		<Unit filename="src/jpeg/jcsample.c">
			<Option compilerVar="CC" />
		</Unit>
		<Unit filename="src/jpeg/jctrans.c">
			<Option compilerVar="CC" />
		</Unit>
		<Unit filename="src/jpeg/jdapimin.c">
			<Option compilerVar="CC" />
		</Unit>
		<Unit filename="src/jpeg/jdapistd.c">
			<Option compilerVar="CC" />
		</Unit>
		<Unit filename="src/jpeg/jdarith.c">
			<Option compilerVar="CC" />
		</Unit>
		<Unit filename="src/jpeg/jdatadst.c">
			<Option compilerVar="CC" />
		</Unit>
		<Unit filename="src/jpeg/jdatasrc.c">
			<Option compilerVar="CC" />
		</Unit>
		<Unit filename="src/jpeg/jdcoefct.c">
			<Option compilerVar="CC" />
		</Unit>
		<Unit filename="src/jpeg/jdcolor.c">
			<Option compilerVar="CC" />
		</Unit>
		<Unit filename="src/jpeg/jdct.h" />
		<Unit filename="src/jpeg/jddctmgr.c">
			<Option compilerVar="CC" />
		</Unit>
		<Unit filename="src/jpeg/jdhuff.c">
			<Option compilerVar="CC" />
		</Unit>
		<Unit filename="src/jpeg/jdinput.c">
			<Option compilerVar="CC" />
		</Unit>
		<Unit filename="src/jpeg/jdmainct.c">
			<Option compilerVar="CC" />
		</Unit>
		<Unit filename="src/jpeg/jdmarker.c">
			<Option compilerVar="CC" />
		</Unit>
		<Unit filename="src/jpeg/jdmaster.c">
			<Option compilerVar="CC" />
		</Unit>
		<Unit filename="src/jpeg/jdmerge.c">
			<Option compilerVar="CC" />
		</Unit>
		<Unit filename="src/jpeg/jdpostct.c">
			<Option compilerVar="CC" />
		</Unit>
		<Unit filename="src/jpeg/jdsample.c">
			<Option compilerVar="CC" />
		</Unit>
		<Unit filename="src/jpeg/jdtrans.c">
			<Option compilerVar="CC" />
		</Unit>
		<Unit filename="src/jpeg/jerror.c">
			<Option compilerVar="CC" />
		</Unit>
		<Unit filename="src/jpeg/jerror.h" />
		<Unit filename="src/jpeg/jfdctflt.c">
			<Option compilerVar="CC" />
		</Unit>
		<Unit filename="src/jpeg/jfdctfst.c">
			<Option compilerVar="CC" />
		</Unit>
		<Unit filename="src/jpeg/jfdctint.c">
			<Option compilerVar="CC" />
		</Unit>
		<Unit filename="src/jpeg/jidctflt.c">
			<Option compilerVar="CC" />
		</Unit>
		<Unit filename="src/jpeg/jidctfst.c">
			<Option compilerVar="CC" />
		</Unit>
		<Unit filename="src/jpeg/jidctint.c">
			<Option compilerVar="CC" />
		</Unit>
		<Unit filename="src/jpeg/jinclude.h" />
		<Unit filename="src/jpeg/jmemmgr.c">
			<Option compilerVar="CC" />
		</Unit>
		<Unit filename="src/jpeg/jmemnobs.c">
			<Option compilerVar="CC" />
		</Unit>
		<Unit filename="src/jpeg/jmemsys.h" />
		<Unit filename="src/jpeg/jpegint.h" />
		<Unit filename="src/jpeg/jquant1.c">
			<Option compilerVar="CC" />
		</Unit>
		<Unit filename="src/jpeg/jquant2.c">
			<Option compilerVar="CC" />
		</Unit>
		<Unit filename="src/jpeg/jutils.c">
			<Option compilerVar="CC" />
		</Unit>
		<Unit filename="src/jpeg/jversion.h" />
		<Unit filename="src/jpeg/transupp.c">
			<Option compilerVar="CC" />
		</Unit>
		<Unit filename="src/jpeg/transupp.h" />
		<Unit filename="src/log4cpp/AbortAppender.cpp" />
		<Unit filename="src/log4cpp/Appender.cpp" />
		<Unit filename="src/log4cpp/AppenderSkeleton.cpp" />
		<Unit filename="src/log4cpp/AppendersFactory.cpp" />
		<Unit filename="src/log4cpp/BasicConfigurator.cpp" />
		<Unit filename="src/log4cpp/BasicLayout.cpp" />
		<Unit filename="src/log4cpp/BufferingAppender.cpp" />
		<Unit filename="src/log4cpp/Category.cpp" />
		<Unit filename="src/log4cpp/CategoryStream.cpp" />
		<Unit filename="src/log4cpp/Configurator.cpp" />
		<Unit filename="src/log4cpp/DummyThreads.cpp" />
		<Unit filename="src/log4cpp/FactoryParams.cpp" />
		<Unit filename="src/log4cpp/FileAppender.cpp" />
		<Unit filename="src/log4cpp/Filter.cpp" />
		<Unit filename="src/log4cpp/FixedContextCategory.cpp" />
		<Unit filename="src/log4cpp/HierarchyMaintainer.cpp" />
		<Unit filename="src/log4cpp/IdsaAppender.cpp" />
		<Unit filename="src/log4cpp/LayoutAppender.cpp" />
		<Unit filename="src/log4cpp/LayoutsFactory.cpp" />
		<Unit filename="src/log4cpp/LevelEvaluator.cpp" />
		<Unit filename="src/log4cpp/Localtime.cpp" />
		<Unit filename="src/log4cpp/Localtime.hh" />
		<Unit filename="src/log4cpp/LoggingEvent.cpp" />
		<Unit filename="src/log4cpp/MSThreads.cpp" />
		<Unit filename="src/log4cpp/NDC.cpp" />
		<Unit filename="src/log4cpp/NTEventLogAppender.cpp" />
		<Unit filename="src/log4cpp/OmniThreads.cpp" />
		<Unit filename="src/log4cpp/OstreamAppender.cpp" />
		<Unit filename="src/log4cpp/PThreads.cpp" />
		<Unit filename="src/log4cpp/PassThroughLayout.cpp" />
		<Unit filename="src/log4cpp/PatternLayout.cpp" />
		<Unit filename="src/log4cpp/PortabilityImpl.cpp" />
		<Unit filename="src/log4cpp/PortabilityImpl.hh" />
		<Unit filename="src/log4cpp/Priority.cpp" />
		<Unit filename="src/log4cpp/Properties.cpp" />
		<Unit filename="src/log4cpp/Properties.hh" />
		<Unit filename="src/log4cpp/PropertyConfigurator.cpp" />
		<Unit filename="src/log4cpp/PropertyConfiguratorImpl.cpp" />
		<Unit filename="src/log4cpp/PropertyConfiguratorImpl.hh" />
		<Unit filename="src/log4cpp/RemoteSyslogAppender.cpp" />
		<Unit filename="src/log4cpp/RollingFileAppender.cpp" />
		<Unit filename="src/log4cpp/SimpleLayout.cpp" />
		<Unit filename="src/log4cpp/StringQueueAppender.cpp" />
		<Unit filename="src/log4cpp/StringUtil.cpp" />
		<Unit filename="src/log4cpp/StringUtil.hh" />
		<Unit filename="src/log4cpp/SyslogAppender.cpp" />
		<Unit filename="src/log4cpp/TimeStamp.cpp" />
		<Unit filename="src/log4cpp/TriggeringEventEvaluatorFactory.cpp" />
		<Unit filename="src/log4cpp/Win32DebugAppender.cpp" />
		<Unit filename="src/png/png.c">
			<Option compilerVar="CC" />
		</Unit>
		<Unit filename="src/png/png.h" />
		<Unit filename="src/png/pngconf.h" />
		<Unit filename="src/png/pngdebug.h" />
		<Unit filename="src/png/pngerror.c">
			<Option compilerVar="CC" />
		</Unit>
		<Unit filename="src/png/pngget.c">
			<Option compilerVar="CC" />
		</Unit>
		<Unit filename="src/png/pnginfo.h" />
		<Unit filename="src/png/pngmem.c">
			<Option compilerVar="CC" />
		</Unit>
		<Unit filename="src/png/pngpread.c">
			<Option compilerVar="CC" />
		</Unit>
		<Unit filename="src/png/pngpriv.h" />
		<Unit filename="src/png/pngread.c">
			<Option compilerVar="CC" />
		</Unit>
		<Unit filename="src/png/pngrio.c">
			<Option compilerVar="CC" />
		</Unit>
		<Unit filename="src/png/pngrtran.c">
			<Option compilerVar="CC" />
		</Unit>
		<Unit filename="src/png/pngrutil.c">
			<Option compilerVar="CC" />
		</Unit>
		<Unit filename="src/png/pngset.c">
			<Option compilerVar="CC" />
		</Unit>
		<Unit filename="src/png/pngstruct.h" />
		<Unit filename="src/png/pngtrans.c">
			<Option compilerVar="CC" />
		</Unit>
		<Unit filename="src/png/pngwio.c">
			<Option compilerVar="CC" />
		</Unit>
		<Unit filename="src/png/pngwrite.c">
			<Option compilerVar="CC" />
		</Unit>
		<Unit filename="src/png/pngwtran.c">
			<Option compilerVar="CC" />
		</Unit>
		<Unit filename="src/png/pngwutil.c">
			<Option compilerVar="CC" />
		</Unit>
		<Unit filename="src/tiff/t4.h" />
		<Unit filename="src/tiff/tif_aux.c">
			<Option compilerVar="CC" />
		</Unit>
		<Unit filename="src/tiff/tif_close.c">
			<Option compilerVar="CC" />
		</Unit>
		<Unit filename="src/tiff/tif_codec.c">
			<Option compilerVar="CC" />
		</Unit>
		<Unit filename="src/tiff/tif_color.c">
			<Option compilerVar="CC" />
		</Unit>
		<Unit filename="src/tiff/tif_compress.c">
			<Option compilerVar="CC" />
		</Unit>
		<Unit filename="src/tiff/tif_dir.c">
			<Option compilerVar="CC" />
		</Unit>
		<Unit filename="src/tiff/tif_dir.h" />
		<Unit filename="src/tiff/tif_dirinfo.c">
			<Option compilerVar="CC" />
		</Unit>
		<Unit filename="src/tiff/tif_dirread.c">
			<Option compilerVar="CC" />
		</Unit>
		<Unit filename="src/tiff/tif_dirwrite.c">
			<Option compilerVar="CC" />
		</Unit>
		<Unit filename="src/tiff/tif_dumpmode.c">
			<Option compilerVar="CC" />
		</Unit>
		<Unit filename="src/tiff/tif_error.c">
			<Option compilerVar="CC" />
		</Unit>
		<Unit filename="src/tiff/tif_extension.c">
			<Option compilerVar="CC" />
		</Unit>
		<Unit filename="src/tiff/tif_fax3.c">
			<Option compilerVar="CC" />
		</Unit>
		<Unit filename="src/tiff/tif_fax3.h" />
		<Unit filename="src/tiff/tif_fax3sm.c">
			<Option compilerVar="CC" />
		</Unit>
		<Unit filename="src/tiff/tif_flush.c">
			<Option compilerVar="CC" />
		</Unit>
		<Unit filename="src/tiff/tif_getimage.c">
			<Option compilerVar="CC" />
		</Unit>
		<Unit filename="src/tiff/tif_jpeg.c">
			<Option compilerVar="CC" />
		</Unit>
		<Unit filename="src/tiff/tif_luv.c">
			<Option compilerVar="CC" />
		</Unit>
		<Unit filename="src/tiff/tif_lzw.c">
			<Option compilerVar="CC" />
		</Unit>
		<Unit filename="src/tiff/tif_memory.c">
			<Option compilerVar="CC" />
		</Unit>
		<Unit filename="src/tiff/tif_next.c">
			<Option compilerVar="CC" />
		</Unit>
		<Unit filename="src/tiff/tif_ojpeg.c">
			<Option compilerVar="CC" />
		</Unit>
		<Unit filename="src/tiff/tif_open.c">
			<Option compilerVar="CC" />
		</Unit>
		<Unit filename="src/tiff/tif_packbits.c">
			<Option compilerVar="CC" />
		</Unit>
		<Unit filename="src/tiff/tif_pixarlog.c">
			<Option compilerVar="CC" />
		</Unit>
		<Unit filename="src/tiff/tif_predict.c">
			<Option compilerVar="CC" />
		</Unit>
		<Unit filename="src/tiff/tif_predict.h" />
		<Unit filename="src/tiff/tif_print.c">
			<Option compilerVar="CC" />
		</Unit>
		<Unit filename="src/tiff/tif_read.c">
			<Option compilerVar="CC" />
		</Unit>
		<Unit filename="src/tiff/tif_strip.c">
			<Option compilerVar="CC" />
		</Unit>
		<Unit filename="src/tiff/tif_swab.c">
			<Option compilerVar="CC" />
		</Unit>
		<Unit filename="src/tiff/tif_thunder.c">
			<Option compilerVar="CC" />
		</Unit>
		<Unit filename="src/tiff/tif_tile.c">
			<Option compilerVar="CC" />
		</Unit>
		<Unit filename="src/tiff/tif_version.c">
			<Option compilerVar="CC" />
		</Unit>
		<Unit filename="src/tiff/tif_warning.c">
			<Option compilerVar="CC" />
		</Unit>
		<Unit filename="src/tiff/tif_write.c">
			<Option compilerVar="CC" />
		</Unit>
		<Unit filename="src/tiff/tif_zip.c">
			<Option compilerVar="CC" />
		</Unit>
		<Unit filename="src/tiff/tiff.h" />
		<Unit filename="src/tiff/tiffio.h" />
		<Unit filename="src/tiff/tiffiop.h" />
		<Unit filename="src/tiff/uvcode.h" />
		<Unit filename="src/v8/include/v8-debug.h" />
		<Unit filename="src/v8/include/v8-preparser.h" />
		<Unit filename="src/v8/include/v8-profiler.h" />
		<Unit filename="src/v8/include/v8-testing.h" />
		<Unit filename="src/v8/include/v8.h" />
		<Unit filename="src/v8/include/v8stdint.h" />
		<Unit filename="src/v8/src/accessors.cc" />
		<Unit filename="src/v8/src/accessors.h" />
		<Unit filename="src/v8/src/allocation-inl.h" />
		<Unit filename="src/v8/src/allocation.cc" />
		<Unit filename="src/v8/src/allocation.h" />
		<Unit filename="src/v8/src/api.cc" />
		<Unit filename="src/v8/src/api.h" />
		<Unit filename="src/v8/src/apiutils.h" />
		<Unit filename="src/v8/src/arguments.h" />
		<Unit filename="src/v8/src/assembler.cc" />
		<Unit filename="src/v8/src/assembler.h" />
		<Unit filename="src/v8/src/ast.cc" />
		<Unit filename="src/v8/src/ast.h" />
		<Unit filename="src/v8/src/atomicops.h" />
		<Unit filename="src/v8/src/atomicops_internals_x86_gcc.cc" />
		<Unit filename="src/v8/src/atomicops_internals_x86_gcc.h" />
		<Unit filename="src/v8/src/atomicops_internals_x86_macosx.h" />
		<Unit filename="src/v8/src/atomicops_internals_x86_msvc.h" />
		<Unit filename="src/v8/src/bignum-dtoa.cc" />
		<Unit filename="src/v8/src/bignum-dtoa.h" />
		<Unit filename="src/v8/src/bignum.cc" />
		<Unit filename="src/v8/src/bignum.h" />
		<Unit filename="src/v8/src/bootstrapper.cc" />
		<Unit filename="src/v8/src/bootstrapper.h" />
		<Unit filename="src/v8/src/builtins.cc" />
		<Unit filename="src/v8/src/builtins.h" />
		<Unit filename="src/v8/src/bytecodes-irregexp.h" />
		<Unit filename="src/v8/src/cached-powers.cc" />
		<Unit filename="src/v8/src/cached-powers.h" />
		<Unit filename="src/v8/src/char-predicates-inl.h" />
		<Unit filename="src/v8/src/char-predicates.h" />
		<Unit filename="src/v8/src/checks.cc" />
		<Unit filename="src/v8/src/checks.h" />
		<Unit filename="src/v8/src/circular-queue-inl.h" />
		<Unit filename="src/v8/src/circular-queue.cc" />
		<Unit filename="src/v8/src/circular-queue.h" />
		<Unit filename="src/v8/src/code-stubs.cc" />
		<Unit filename="src/v8/src/code-stubs.h" />
		<Unit filename="src/v8/src/code.h" />
		<Unit filename="src/v8/src/codegen.cc" />
		<Unit filename="src/v8/src/codegen.h" />
		<Unit filename="src/v8/src/compilation-cache.cc" />
		<Unit filename="src/v8/src/compilation-cache.h" />
		<Unit filename="src/v8/src/compiler-intrinsics.h" />
		<Unit filename="src/v8/src/compiler.cc" />
		<Unit filename="src/v8/src/compiler.h" />
		<Unit filename="src/v8/src/contexts.cc" />
		<Unit filename="src/v8/src/contexts.h" />
		<Unit filename="src/v8/src/conversions-inl.h" />
		<Unit filename="src/v8/src/conversions.cc" />
		<Unit filename="src/v8/src/conversions.h" />
		<Unit filename="src/v8/src/counters.cc" />
		<Unit filename="src/v8/src/counters.h" />
		<Unit filename="src/v8/src/cpu-profiler-inl.h" />
		<Unit filename="src/v8/src/cpu-profiler.cc" />
		<Unit filename="src/v8/src/cpu-profiler.h" />
		<Unit filename="src/v8/src/cpu.h" />
		<Unit filename="src/v8/src/data-flow.cc" />
		<Unit filename="src/v8/src/data-flow.h" />
		<Unit filename="src/v8/src/date.cc" />
		<Unit filename="src/v8/src/date.h" />
		<Unit filename="src/v8/src/dateparser-inl.h" />
		<Unit filename="src/v8/src/dateparser.cc" />
		<Unit filename="src/v8/src/dateparser.h" />
		<Unit filename="src/v8/src/debug-agent.cc" />
		<Unit filename="src/v8/src/debug-agent.h" />
		<Unit filename="src/v8/src/debug.cc" />
		<Unit filename="src/v8/src/debug.h" />
		<Unit filename="src/v8/src/deoptimizer.cc" />
		<Unit filename="src/v8/src/deoptimizer.h" />
		<Unit filename="src/v8/src/disasm.h" />
		<Unit filename="src/v8/src/disassembler.cc" />
		<Unit filename="src/v8/src/disassembler.h" />
		<Unit filename="src/v8/src/diy-fp.cc" />
		<Unit filename="src/v8/src/diy-fp.h" />
		<Unit filename="src/v8/src/double.h" />
		<Unit filename="src/v8/src/dtoa.cc" />
		<Unit filename="src/v8/src/dtoa.h" />
		<Unit filename="src/v8/src/elements.cc" />
		<Unit filename="src/v8/src/elements.h" />
		<Unit filename="src/v8/src/execution.cc" />
		<Unit filename="src/v8/src/execution.h" />
		<Unit filename="src/v8/src/experimental-libraries.cc" />
		<Unit filename="src/v8/src/extensions/externalize-string-extension.cc" />
		<Unit filename="src/v8/src/extensions/externalize-string-extension.h" />
		<Unit filename="src/v8/src/extensions/gc-extension.cc" />
		<Unit filename="src/v8/src/extensions/gc-extension.h" />
		<Unit filename="src/v8/src/factory.cc" />
		<Unit filename="src/v8/src/factory.h" />
		<Unit filename="src/v8/src/fast-dtoa.cc" />
		<Unit filename="src/v8/src/fast-dtoa.h" />
		<Unit filename="src/v8/src/fixed-dtoa.cc" />
		<Unit filename="src/v8/src/fixed-dtoa.h" />
		<Unit filename="src/v8/src/flag-definitions.h" />
		<Unit filename="src/v8/src/flags.cc" />
		<Unit filename="src/v8/src/flags.h" />
		<Unit filename="src/v8/src/frames-inl.h" />
		<Unit filename="src/v8/src/frames.cc" />
		<Unit filename="src/v8/src/frames.h" />
		<Unit filename="src/v8/src/full-codegen.cc" />
		<Unit filename="src/v8/src/full-codegen.h" />
		<Unit filename="src/v8/src/func-name-inferrer.cc" />
		<Unit filename="src/v8/src/func-name-inferrer.h" />
		<Unit filename="src/v8/src/gdb-jit.cc" />
		<Unit filename="src/v8/src/gdb-jit.h" />
		<Unit filename="src/v8/src/global-handles.cc" />
		<Unit filename="src/v8/src/global-handles.h" />
		<Unit filename="src/v8/src/globals.h" />
		<Unit filename="src/v8/src/handles-inl.h" />
		<Unit filename="src/v8/src/handles.cc" />
		<Unit filename="src/v8/src/handles.h" />
		<Unit filename="src/v8/src/hashmap.h" />
		<Unit filename="src/v8/src/heap-inl.h" />
		<Unit filename="src/v8/src/heap-profiler.cc" />
		<Unit filename="src/v8/src/heap-profiler.h" />
		<Unit filename="src/v8/src/heap.cc" />
		<Unit filename="src/v8/src/heap.h" />
		<Unit filename="src/v8/src/hydrogen-instructions.cc" />
		<Unit filename="src/v8/src/hydrogen-instructions.h" />
		<Unit filename="src/v8/src/hydrogen.cc" />
		<Unit filename="src/v8/src/hydrogen.h" />
		<Unit filename="src/v8/src/ia32/assembler-ia32-inl.h" />
		<Unit filename="src/v8/src/ia32/assembler-ia32.cc" />
		<Unit filename="src/v8/src/ia32/assembler-ia32.h" />
		<Unit filename="src/v8/src/ia32/builtins-ia32.cc" />
		<Unit filename="src/v8/src/ia32/code-stubs-ia32.cc" />
		<Unit filename="src/v8/src/ia32/code-stubs-ia32.h" />
		<Unit filename="src/v8/src/ia32/codegen-ia32.cc" />
		<Unit filename="src/v8/src/ia32/codegen-ia32.h" />
		<Unit filename="src/v8/src/ia32/cpu-ia32.cc" />
		<Unit filename="src/v8/src/ia32/debug-ia32.cc" />
		<Unit filename="src/v8/src/ia32/deoptimizer-ia32.cc" />
		<Unit filename="src/v8/src/ia32/disasm-ia32.cc" />
		<Unit filename="src/v8/src/ia32/frames-ia32.cc" />
		<Unit filename="src/v8/src/ia32/frames-ia32.h" />
		<Unit filename="src/v8/src/ia32/full-codegen-ia32.cc" />
		<Unit filename="src/v8/src/ia32/ic-ia32.cc" />
		<Unit filename="src/v8/src/ia32/lithium-codegen-ia32.cc" />
		<Unit filename="src/v8/src/ia32/lithium-codegen-ia32.h" />
		<Unit filename="src/v8/src/ia32/lithium-gap-resolver-ia32.cc" />
		<Unit filename="src/v8/src/ia32/lithium-gap-resolver-ia32.h" />
		<Unit filename="src/v8/src/ia32/lithium-ia32.cc" />
		<Unit filename="src/v8/src/ia32/lithium-ia32.h" />
		<Unit filename="src/v8/src/ia32/macro-assembler-ia32.cc" />
		<Unit filename="src/v8/src/ia32/macro-assembler-ia32.h" />
		<Unit filename="src/v8/src/ia32/regexp-macro-assembler-ia32.cc" />
		<Unit filename="src/v8/src/ia32/regexp-macro-assembler-ia32.h" />
		<Unit filename="src/v8/src/ia32/simulator-ia32.cc" />
		<Unit filename="src/v8/src/ia32/simulator-ia32.h" />
		<Unit filename="src/v8/src/ia32/stub-cache-ia32.cc" />
		<Unit filename="src/v8/src/ic-inl.h" />
		<Unit filename="src/v8/src/ic.cc" />
		<Unit filename="src/v8/src/ic.h" />
		<Unit filename="src/v8/src/incremental-marking-inl.h" />
		<Unit filename="src/v8/src/incremental-marking.cc" />
		<Unit filename="src/v8/src/incremental-marking.h" />
		<Unit filename="src/v8/src/inspector.cc" />
		<Unit filename="src/v8/src/inspector.h" />
		<Unit filename="src/v8/src/interface.cc" />
		<Unit filename="src/v8/src/interface.h" />
		<Unit filename="src/v8/src/interpreter-irregexp.cc" />
		<Unit filename="src/v8/src/interpreter-irregexp.h" />
		<Unit filename="src/v8/src/isolate-inl.h" />
		<Unit filename="src/v8/src/isolate.cc" />
		<Unit filename="src/v8/src/isolate.h" />
		<Unit filename="src/v8/src/json-parser.h" />
		<Unit filename="src/v8/src/jsregexp.cc" />
		<Unit filename="src/v8/src/jsregexp.h" />
		<Unit filename="src/v8/src/lazy-instance.h" />
		<Unit filename="src/v8/src/libraries.cc" />
		<Unit filename="src/v8/src/list-inl.h" />
		<Unit filename="src/v8/src/list.h" />
		<Unit filename="src/v8/src/lithium-allocator-inl.h" />
		<Unit filename="src/v8/src/lithium-allocator.cc" />
		<Unit filename="src/v8/src/lithium-allocator.h" />
		<Unit filename="src/v8/src/lithium.cc" />
		<Unit filename="src/v8/src/lithium.h" />
		<Unit filename="src/v8/src/liveedit.cc" />
		<Unit filename="src/v8/src/liveedit.h" />
		<Unit filename="src/v8/src/liveobjectlist-inl.h" />
		<Unit filename="src/v8/src/liveobjectlist.cc" />
		<Unit filename="src/v8/src/liveobjectlist.h" />
		<Unit filename="src/v8/src/log-inl.h" />
		<Unit filename="src/v8/src/log-utils.cc" />
		<Unit filename="src/v8/src/log-utils.h" />
		<Unit filename="src/v8/src/log.cc" />
		<Unit filename="src/v8/src/log.h" />
		<Unit filename="src/v8/src/macro-assembler.h" />
		<Unit filename="src/v8/src/mark-compact-inl.h" />
		<Unit filename="src/v8/src/mark-compact.cc" />
		<Unit filename="src/v8/src/mark-compact.h" />
		<Unit filename="src/v8/src/messages.cc" />
		<Unit filename="src/v8/src/messages.h" />
		<Unit filename="src/v8/src/misc-intrinsics.h" />
		<Unit filename="src/v8/src/natives.h" />
		<Unit filename="src/v8/src/objects-debug.cc" />
		<Unit filename="src/v8/src/objects-inl.h" />
		<Unit filename="src/v8/src/objects-printer.cc" />
		<Unit filename="src/v8/src/objects-visiting-inl.h" />
		<Unit filename="src/v8/src/objects-visiting.cc" />
		<Unit filename="src/v8/src/objects-visiting.h" />
		<Unit filename="src/v8/src/objects.cc" />
		<Unit filename="src/v8/src/objects.h" />
		<Unit filename="src/v8/src/once.cc" />
		<Unit filename="src/v8/src/once.h" />
		<Unit filename="src/v8/src/parser.cc" />
		<Unit filename="src/v8/src/parser.h" />
		<Unit filename="src/v8/src/platform-fiber.cc" />
		<Unit filename="src/v8/src/platform-freebsd.cc" />
		<Unit filename="src/v8/src/platform-linux.cc" />
		<Unit filename="src/v8/src/platform-macos.cc" />
		<Unit filename="src/v8/src/platform-openbsd.cc" />
		<Unit filename="src/v8/src/platform-posix.cc" />
		<Unit filename="src/v8/src/platform-posix.h" />
		<Unit filename="src/v8/src/platform-solaris.cc" />
		<Unit filename="src/v8/src/platform-tls-mac.h" />
		<Unit filename="src/v8/src/platform-tls-win32.h" />
		<Unit filename="src/v8/src/platform-tls.h" />
		<Unit filename="src/v8/src/platform-win32.cc" />
		<Unit filename="src/v8/src/platform.h" />
		<Unit filename="src/v8/src/preparse-data-format.h" />
		<Unit filename="src/v8/src/preparse-data.cc" />
		<Unit filename="src/v8/src/preparse-data.h" />
		<Unit filename="src/v8/src/preparser.cc" />
		<Unit filename="src/v8/src/preparser.h" />
		<Unit filename="src/v8/src/prettyprinter.cc" />
		<Unit filename="src/v8/src/prettyprinter.h" />
		<Unit filename="src/v8/src/profile-generator-inl.h" />
		<Unit filename="src/v8/src/profile-generator.cc" />
		<Unit filename="src/v8/src/profile-generator.h" />
		<Unit filename="src/v8/src/property-details.h" />
		<Unit filename="src/v8/src/property.cc" />
		<Unit filename="src/v8/src/property.h" />
		<Unit filename="src/v8/src/regexp-macro-assembler-irregexp-inl.h" />
		<Unit filename="src/v8/src/regexp-macro-assembler-irregexp.cc" />
		<Unit filename="src/v8/src/regexp-macro-assembler-irregexp.h" />
		<Unit filename="src/v8/src/regexp-macro-assembler-tracer.cc" />
		<Unit filename="src/v8/src/regexp-macro-assembler-tracer.h" />
		<Unit filename="src/v8/src/regexp-macro-assembler.cc" />
		<Unit filename="src/v8/src/regexp-macro-assembler.h" />
		<Unit filename="src/v8/src/regexp-stack.cc" />
		<Unit filename="src/v8/src/regexp-stack.h" />
		<Unit filename="src/v8/src/rewriter.cc" />
		<Unit filename="src/v8/src/rewriter.h" />
		<Unit filename="src/v8/src/runtime-profiler.cc" />
		<Unit filename="src/v8/src/runtime-profiler.h" />
		<Unit filename="src/v8/src/runtime.cc" />
		<Unit filename="src/v8/src/runtime.h" />
		<Unit filename="src/v8/src/safepoint-table.cc" />
		<Unit filename="src/v8/src/safepoint-table.h" />
		<Unit filename="src/v8/src/scanner-character-streams.cc" />
		<Unit filename="src/v8/src/scanner-character-streams.h" />
		<Unit filename="src/v8/src/scanner.cc" />
		<Unit filename="src/v8/src/scanner.h" />
		<Unit filename="src/v8/src/scopeinfo.cc" />
		<Unit filename="src/v8/src/scopeinfo.h" />
		<Unit filename="src/v8/src/scopes.cc" />
		<Unit filename="src/v8/src/scopes.h" />
		<Unit filename="src/v8/src/serialize.cc" />
		<Unit filename="src/v8/src/serialize.h" />
		<Unit filename="src/v8/src/simulator.h" />
		<Unit filename="src/v8/src/small-pointer-list.h" />
		<Unit filename="src/v8/src/smart-array-pointer.h" />
		<Unit filename="src/v8/src/snapshot-common.cc" />
		<Unit filename="src/v8/src/snapshot-empty.cc" />
		<Unit filename="src/v8/src/snapshot.h" />
		<Unit filename="src/v8/src/spaces-inl.h" />
		<Unit filename="src/v8/src/spaces.cc" />
		<Unit filename="src/v8/src/spaces.h" />
		<Unit filename="src/v8/src/splay-tree-inl.h" />
		<Unit filename="src/v8/src/splay-tree.h" />
		<Unit filename="src/v8/src/store-buffer-inl.h" />
		<Unit filename="src/v8/src/store-buffer.cc" />
		<Unit filename="src/v8/src/store-buffer.h" />
		<Unit filename="src/v8/src/string-search.cc" />
		<Unit filename="src/v8/src/string-search.h" />
		<Unit filename="src/v8/src/string-stream.cc" />
		<Unit filename="src/v8/src/string-stream.h" />
		<Unit filename="src/v8/src/strtod.cc" />
		<Unit filename="src/v8/src/strtod.h" />
		<Unit filename="src/v8/src/stub-cache.cc" />
		<Unit filename="src/v8/src/stub-cache.h" />
		<Unit filename="src/v8/src/third_party/valgrind/valgrind.h" />
		<Unit filename="src/v8/src/token.cc" />
		<Unit filename="src/v8/src/token.h" />
		<Unit filename="src/v8/src/type-info.cc" />
		<Unit filename="src/v8/src/type-info.h" />
		<Unit filename="src/v8/src/unbound-queue-inl.h" />
		<Unit filename="src/v8/src/unbound-queue.h" />
		<Unit filename="src/v8/src/unicode-inl.h" />
		<Unit filename="src/v8/src/unicode.cc" />
		<Unit filename="src/v8/src/unicode.h" />
		<Unit filename="src/v8/src/utils-inl.h" />
		<Unit filename="src/v8/src/utils.cc" />
		<Unit filename="src/v8/src/utils.h" />
		<Unit filename="src/v8/src/v8-counters.cc" />
		<Unit filename="src/v8/src/v8-counters.h" />
		<Unit filename="src/v8/src/v8.cc" />
		<Unit filename="src/v8/src/v8.h" />
		<Unit filename="src/v8/src/v8checks.h" />
		<Unit filename="src/v8/src/v8conversions.cc" />
		<Unit filename="src/v8/src/v8conversions.h" />
		<Unit filename="src/v8/src/v8globals.h" />
		<Unit filename="src/v8/src/v8memory.h" />
		<Unit filename="src/v8/src/v8threads.cc" />
		<Unit filename="src/v8/src/v8threads.h" />
		<Unit filename="src/v8/src/v8utils.cc" />
		<Unit filename="src/v8/src/v8utils.h" />
		<Unit filename="src/v8/src/variables.cc" />
		<Unit filename="src/v8/src/variables.h" />
		<Unit filename="src/v8/src/version.cc" />
		<Unit filename="src/v8/src/version.h" />
		<Unit filename="src/v8/src/vm-state-inl.h" />
		<Unit filename="src/v8/src/vm-state.h" />
		<Unit filename="src/v8/src/win32-headers.h" />
		<Unit filename="src/v8/src/win32-math.cc" />
		<Unit filename="src/v8/src/win32-math.h" />
		<Unit filename="src/v8/src/x64/assembler-x64-inl.h" />
		<Unit filename="src/v8/src/x64/assembler-x64.cc" />
		<Unit filename="src/v8/src/x64/assembler-x64.h" />
		<Unit filename="src/v8/src/x64/builtins-x64.cc" />
		<Unit filename="src/v8/src/x64/code-stubs-x64.cc" />
		<Unit filename="src/v8/src/x64/code-stubs-x64.h" />
		<Unit filename="src/v8/src/x64/codegen-x64.cc" />
		<Unit filename="src/v8/src/x64/codegen-x64.h" />
		<Unit filename="src/v8/src/x64/cpu-x64.cc" />
		<Unit filename="src/v8/src/x64/debug-x64.cc" />
		<Unit filename="src/v8/src/x64/deoptimizer-x64.cc" />
		<Unit filename="src/v8/src/x64/disasm-x64.cc" />
		<Unit filename="src/v8/src/x64/frames-x64.cc" />
		<Unit filename="src/v8/src/x64/frames-x64.h" />
		<Unit filename="src/v8/src/x64/full-codegen-x64.cc" />
		<Unit filename="src/v8/src/x64/ic-x64.cc" />
		<Unit filename="src/v8/src/x64/lithium-codegen-x64.cc" />
		<Unit filename="src/v8/src/x64/lithium-codegen-x64.h" />
		<Unit filename="src/v8/src/x64/lithium-gap-resolver-x64.cc" />
		<Unit filename="src/v8/src/x64/lithium-gap-resolver-x64.h" />
		<Unit filename="src/v8/src/x64/lithium-x64.cc" />
		<Unit filename="src/v8/src/x64/lithium-x64.h" />
		<Unit filename="src/v8/src/x64/macro-assembler-x64.cc" />
		<Unit filename="src/v8/src/x64/macro-assembler-x64.h" />
		<Unit filename="src/v8/src/x64/regexp-macro-assembler-x64.cc" />
		<Unit filename="src/v8/src/x64/regexp-macro-assembler-x64.h" />
		<Unit filename="src/v8/src/x64/simulator-x64.cc" />
		<Unit filename="src/v8/src/x64/simulator-x64.h" />
		<Unit filename="src/v8/src/x64/stub-cache-x64.cc" />
		<Unit filename="src/v8/src/zone-inl.h" />
		<Unit filename="src/v8/src/zone.cc" />
		<Unit filename="src/v8/src/zone.h" />
		<Unit filename="src/zlib/adler32.c">
			<Option compilerVar="CC" />
		</Unit>
		<Unit filename="src/zlib/compress.c">
			<Option compilerVar="CC" />
		</Unit>
		<Unit filename="src/zlib/crc32.c">
			<Option compilerVar="CC" />
		</Unit>
		<Unit filename="src/zlib/crc32.h" />
		<Unit filename="src/zlib/deflate.c">
			<Option compilerVar="CC" />
		</Unit>
		<Unit filename="src/zlib/deflate.h" />
		<Unit filename="src/zlib/inffast.c">
			<Option compilerVar="CC" />
		</Unit>
		<Unit filename="src/zlib/inffast.h" />
		<Unit filename="src/zlib/inffixed.h" />
		<Unit filename="src/zlib/inflate.c">
			<Option compilerVar="CC" />
		</Unit>
		<Unit filename="src/zlib/inflate.h" />
		<Unit filename="src/zlib/inftrees.c">
			<Option compilerVar="CC" />
		</Unit>
		<Unit filename="src/zlib/inftrees.h" />
		<Unit filename="src/zlib/trees.c">
			<Option compilerVar="CC" />
		</Unit>
		<Unit filename="src/zlib/trees.h" />
		<Unit filename="src/zlib/uncompr.c">
			<Option compilerVar="CC" />
		</Unit>
		<Unit filename="src/zlib/zconf.h" />
		<Unit filename="src/zlib/zlib.h" />
		<Unit filename="src/zlib/zutil.c">
			<Option compilerVar="CC" />
		</Unit>
		<Unit filename="src/zlib/zutil.h" />
		<Extensions>
			<code_completion />
			<debugger />
		</Extensions>
	</Project>
</CodeBlocks_project_file>
