<?xml version="1.0" encoding="utf-8"?>
<Project ToolsVersion="4.0" xmlns="http://schemas.microsoft.com/developer/msbuild/2003">
  <ItemGroup>
    <Filter Include="Source Files">
      <UniqueIdentifier>{4FC737F1-C7A5-4376-A066-2A32D752A2FF}</UniqueIdentifier>
      <Extensions>cpp;c;cc;cxx;def;odl;idl;hpj;bat;asm;asmx</Extensions>
    </Filter>
    <Filter Include="Header Files">
      <UniqueIdentifier>{93995380-89BD-4b04-88EB-625FBE52EBFB}</UniqueIdentifier>
      <Extensions>h;hpp;hxx;hm;inl;inc;xsd</Extensions>
    </Filter>
    <Filter Include="Resource Files">
      <UniqueIdentifier>{67DA6AB6-F800-4c08-8B7A-83BB121AAD01}</UniqueIdentifier>
      <Extensions>rc;ico;cur;bmp;dlg;rc2;rct;bin;rgs;gif;jpg;jpeg;jpe;resx;tiff;tif;png;wav;mfcribbon-ms</Extensions>
    </Filter>
  </ItemGroup>
  <ItemGroup>
    <ClInclude Include="include\expat.h">
      <Filter>Header Files</Filter>
    </ClInclude>
    <ClInclude Include="include\expat_external.h">
      <Filter>Header Files</Filter>
    </ClInclude>
    <ClInclude Include="src\ascii.h">
      <Filter>Source Files</Filter>
    </ClInclude>
    <ClInclude Include="src\asciitab.h">
      <Filter>Source Files</Filter>
    </ClInclude>
    <ClInclude Include="src\iasciitab.h">
      <Filter>Source Files</Filter>
    </ClInclude>
    <ClInclude Include="src\internal.h">
      <Filter>Source Files</Filter>
    </ClInclude>
    <ClInclude Include="src\latin1tab.h">
      <Filter>Source Files</Filter>
    </ClInclude>
    <ClInclude Include="src\nametab.h">
      <Filter>Source Files</Filter>
    </ClInclude>
    <ClInclude Include="src\utf8tab.h">
      <Filter>Source Files</Filter>
    </ClInclude>
    <ClInclude Include="src\xmlrole.h">
      <Filter>Source Files</Filter>
    </ClInclude>
    <ClInclude Include="src\xmltok.h">
      <Filter>Source Files</Filter>
    </ClInclude>
    <ClInclude Include="src\xmltok_impl.h">
      <Filter>Source Files</Filter>
    </ClInclude>
    <ClInclude Include="src\winconfig.h">
      <Filter>Source Files</Filter>
    </ClInclude>
  </ItemGroup>
  <ItemGroup>
    <ClCompile Include="src\xmlparse.c">
      <Filter>Source Files</Filter>
    </ClCompile>
    <ClCompile Include="src\xmlrole.c">
      <Filter>Source Files</Filter>
    </ClCompile>
    <ClCompile Include="src\xmltok.c">
      <Filter>Source Files</Filter>
    </ClCompile>
    <ClCompile Include="src\xmltok_impl.c">
      <Filter>Source Files</Filter>
    </ClCompile>
    <ClCompile Include="src\xmltok_ns.c">
      <Filter>Source Files</Filter>
    </ClCompile>
  </ItemGroup>
</Project>