<?xml version="1.0" encoding="UTF-8" standalone="yes" ?>
<CodeBlocks_project_file>
	<FileVersion major="1" minor="6" />
	<Project>
		<Option title="fibjs" />
		<Option pch_mode="2" />
		<Option compiler="gcc" />
		<Option virtualFolders="include/ifs/;" />
		<Build>
			<Target title="Debug">
				<Option output="../bin/Debug/fibjs" prefix_auto="1" extension_auto="1" />
				<Option working_dir="../bin" />
				<Option object_output="obj/Debug/" />
				<Option external_deps="../bin/Debug/libvender.a;" />
				<Option type="1" />
				<Option compiler="gcc" />
				<Compiler>
					<Add option="-g" />
				</Compiler>
				<Linker>
					<Add library="pthread" />
					<Add directory="../bin/Debug" />
				</Linker>
			</Target>
			<Target title="Release">
				<Option output="../bin/Release/fibjs" prefix_auto="1" extension_auto="1" />
				<Option working_dir="../bin" />
				<Option object_output="obj/Release/" />
				<Option external_deps="../bin/Release/libvender.a;" />
				<Option type="1" />
				<Option compiler="gcc" />
				<Compiler>
					<Add option="-O3" />
				</Compiler>
				<Linker>
					<Add option="-s" />
					<Add library="pthread" />
					<Add directory="../bin/Release" />
				</Linker>
			</Target>
			<Target title="Debug32">
				<Option output="../bin/Debug32/fibjs" prefix_auto="1" extension_auto="1" />
				<Option working_dir="../bin" />
				<Option object_output="obj/Debug32/" />
				<Option external_deps="../bin/Debug32/libvender.a;" />
				<Option type="1" />
				<Option compiler="gcc" />
				<Compiler>
					<Add option="-g" />
					<Add option="-m32" />
				</Compiler>
				<Linker>
					<Add option="-m32" />
					<Add library="pthread" />
					<Add directory="../bin/Debug32" />
				</Linker>
			</Target>
			<Target title="Release32">
				<Option output="../bin/Release32/fibjs" prefix_auto="1" extension_auto="1" />
				<Option working_dir="../bin" />
				<Option object_output="obj/Release32/" />
				<Option external_deps="../bin/Release32/libvender.a;" />
				<Option type="1" />
				<Option compiler="gcc" />
				<Compiler>
					<Add option="-O3" />
					<Add option="-m32" />
				</Compiler>
				<Linker>
					<Add option="-s" />
					<Add option="-m32" />
					<Add library="pthread" />
					<Add directory="../bin/Release32" />
				</Linker>
			</Target>
			<Target title="WinDebug">
				<Option output="../bin/WinDebug/fibjs.exe" prefix_auto="1" extension_auto="0" />
				<Option working_dir="../bin" />
				<Option object_output="obj/WinDebug/" />
				<Option external_deps="../bin/WinDebug/libvender.a;" />
				<Option type="1" />
				<Option compiler="gnu_gcc_compiler_for_mingw64" />
				<Compiler>
					<Add option="-g" />
				</Compiler>
				<Linker>
					<Add library="winmm" />
					<Add library="ws2_32" />
					<Add library="mswsock" />
					<Add directory="../bin/WinDebug" />
				</Linker>
			</Target>
			<Target title="WinRelease">
				<Option output="../bin/WinRelease/fibjs.exe" prefix_auto="1" extension_auto="0" />
				<Option working_dir="../bin" />
				<Option object_output="obj/WinRelease/" />
				<Option external_deps="../bin/WinRelease/libvender.a;" />
				<Option type="1" />
				<Option compiler="gnu_gcc_compiler_for_mingw64" />
				<Compiler>
					<Add option="-O3" />
				</Compiler>
				<Linker>
					<Add option="-s" />
					<Add library="winmm" />
					<Add library="ws2_32" />
					<Add library="mswsock" />
					<Add directory="../bin/WinRelease" />
				</Linker>
			</Target>
			<Target title="WinDebug32">
				<Option output="../bin/WinDebug32/fibjs.exe" prefix_auto="1" extension_auto="0" />
				<Option working_dir="../bin" />
				<Option object_output="obj/WinDebug32/" />
				<Option external_deps="../bin/WinDebug32/libvender.a;" />
				<Option type="1" />
				<Option compiler="gnu_gcc_compiler_for_mingw" />
				<Compiler>
					<Add option="-g" />
				</Compiler>
				<Linker>
					<Add library="winmm" />
					<Add library="ws2_32" />
					<Add library="mswsock" />
					<Add directory="../bin/WinDebug32" />
				</Linker>
			</Target>
			<Target title="WinRelease32">
				<Option output="../bin/WinRelease32/fibjs.exe" prefix_auto="1" extension_auto="0" />
				<Option working_dir="../bin" />
				<Option object_output="obj/WinRelease32/" />
				<Option external_deps="../bin/WinRelease32/libvender.a;" />
				<Option type="1" />
				<Option compiler="gnu_gcc_compiler_for_mingw" />
				<Compiler>
					<Add option="-O3" />
				</Compiler>
				<Linker>
					<Add option="-s" />
					<Add library="winmm" />
					<Add library="ws2_32" />
					<Add library="mswsock" />
					<Add directory="../bin/WinRelease32" />
				</Linker>
			</Target>
		</Build>
		<VirtualTargets>
			<Add alias="all" targets="Debug;Release;Debug32;Release32;WinDebug;WinRelease;WinDebug32;WinRelease32;" />
			<Add alias="posix" targets="Debug;Release;Debug32;Release32;" />
			<Add alias="windows" targets="WinDebug;WinRelease;WinDebug32;WinRelease32;" />
		</VirtualTargets>
		<Compiler>
			<Add option="-Wall" />
			<Add option="-Wno-long-long" />
			<Add option="-fdata-sections" />
			<Add option="-ffunction-sections" />
			<Add option="-fno-rtti" />
			<Add directory="../vender/include" />
			<Add directory="include" />
		</Compiler>
		<Linker>
			<Add library="vender" />
		</Linker>
		<Unit filename="include/AsyncCall.h" />
		<Unit filename="include/Buffer.h" />
		<Unit filename="include/ClassInfo.h" />
		<Unit filename="include/File.h" />
		<Unit filename="include/ifs/Buffer.h" />
		<Unit filename="include/ifs/Fiber.h" />
		<Unit filename="include/ifs/File.h" />
		<Unit filename="include/ifs/Function.h" />
		<Unit filename="include/ifs/Stream.h" />
		<Unit filename="include/ifs/console.h" />
		<Unit filename="include/ifs/fibjs" />
		<Unit filename="include/ifs/fs.h" />
		<Unit filename="include/ifs/global.h" />
		<Unit filename="include/ifs/if.idl" />
		<Unit filename="include/ifs/main.js" />
		<Unit filename="include/ifs/object.h" />
		<Unit filename="include/ifs/os.h" />
		<Unit filename="include/object.h" />
		<Unit filename="include/utils.h" />
		<Unit filename="src/Buffer.cpp" />
		<Unit filename="src/File.cpp" />
		<Unit filename="src/Function.cpp" />
		<Unit filename="src/console.cpp" />
		<Unit filename="src/fibjs.cpp" />
		<Unit filename="src/fs.cpp" />
		<Unit filename="src/global.cpp" />
		<Unit filename="src/os.cpp" />
		<Unit filename="src/test.cpp" />
		<Unit filename="src/timer.cpp" />
		<Unit filename="src/utils.cpp" />
		<Extensions>
			<code_completion />
			<debugger />
			<envvars />
		</Extensions>
	</Project>
</CodeBlocks_project_file>
