<?xml version="1.0" encoding="utf-8"?>
<Project ToolsVersion="4.0" xmlns="http://schemas.microsoft.com/developer/msbuild/2003">
  <ItemGroup>
    <Filter Include="Source Files">
      <UniqueIdentifier>{4FC737F1-C7A5-4376-A066-2A32D752A2FF}</UniqueIdentifier>
      <Extensions>cpp;c;cc;cxx;def;odl;idl;hpj;bat;asm;asmx</Extensions>
    </Filter>
    <Filter Include="Header Files">
      <UniqueIdentifier>{93995380-89BD-4b04-88EB-625FBE52EBFB}</UniqueIdentifier>
      <Extensions>h;hpp;hxx;hm;inl;inc;xsd</Extensions>
    </Filter>
    <Filter Include="Resource Files">
      <UniqueIdentifier>{67DA6AB6-F800-4c08-8B7A-83BB121AAD01}</UniqueIdentifier>
      <Extensions>rc;ico;cur;bmp;dlg;rc2;rct;bin;rgs;gif;jpg;jpeg;jpe;resx;tiff;tif;png;wav;mfcribbon-ms</Extensions>
    </Filter>
    <Filter Include="Source Files\src">
      <UniqueIdentifier>{bf6bbfaf-c9c3-4801-8492-c7387a69f764}</UniqueIdentifier>
    </Filter>
    <Filter Include="Header Files\include">
      <UniqueIdentifier>{e879a06f-b83d-4000-89bd-5c2c69ef638e}</UniqueIdentifier>
    </Filter>
    <Filter Include="Header Files\include\ifs">
      <UniqueIdentifier>{6dd29b21-8e3a-4aac-b4d7-6d9011b3c331}</UniqueIdentifier>
    </Filter>
  </ItemGroup>
  <ItemGroup>
    <ClCompile Include="src\fibjs.cpp">
      <Filter>Source Files\src</Filter>
    </ClCompile>
    <ClCompile Include="src\Console.cpp">
      <Filter>Source Files\src</Filter>
    </ClCompile>
    <ClCompile Include="src\os.cpp">
      <Filter>Source Files\src</Filter>
    </ClCompile>
  </ItemGroup>
  <ItemGroup>
    <ClInclude Include="include\ifs\console.h">
      <Filter>Header Files\include\ifs</Filter>
    </ClInclude>
    <ClInclude Include="include\ifs\if.h">
      <Filter>Header Files\include\ifs</Filter>
    </ClInclude>
    <ClInclude Include="include\ifs\os.h">
      <Filter>Header Files\include\ifs</Filter>
    </ClInclude>
  </ItemGroup>
</Project>