<?xml version="1.0" encoding="utf-8"?>
<Project ToolsVersion="4.0" xmlns="http://schemas.microsoft.com/developer/msbuild/2003">
  <ItemGroup>
    <Filter Include="Source Files">
      <UniqueIdentifier>{4FC737F1-C7A5-4376-A066-2A32D752A2FF}</UniqueIdentifier>
      <Extensions>cpp;c;cc;cxx;def;odl;idl;hpj;bat;asm;asmx</Extensions>
    </Filter>
    <Filter Include="Header Files">
      <UniqueIdentifier>{93995380-89BD-4b04-88EB-625FBE52EBFB}</UniqueIdentifier>
      <Extensions>h;hpp;hxx;hm;inl;inc;xsd</Extensions>
    </Filter>
    <Filter Include="Resource Files">
      <UniqueIdentifier>{67DA6AB6-F800-4c08-8B7A-83BB121AAD01}</UniqueIdentifier>
      <Extensions>rc;ico;cur;bmp;dlg;rc2;rct;bin;rgs;gif;jpg;jpeg;jpe;resx;tiff;tif;png;wav;mfcribbon-ms</Extensions>
    </Filter>
    <Filter Include="Header Files\ifs">
      <UniqueIdentifier>{6dd29b21-8e3a-4aac-b4d7-6d9011b3c331}</UniqueIdentifier>
    </Filter>
    <Filter Include="Source Files\base">
      <UniqueIdentifier>{523043f1-9845-438a-9b44-1180cf0cb29b}</UniqueIdentifier>
    </Filter>
    <Filter Include="Source Files\collection">
      <UniqueIdentifier>{6fe971b6-726f-4ab9-bb75-ceebdef0d9fb}</UniqueIdentifier>
    </Filter>
    <Filter Include="Source Files\console">
      <UniqueIdentifier>{de737d9e-6b9a-4068-91fa-74c1a028c096}</UniqueIdentifier>
    </Filter>
    <Filter Include="Source Files\coroutine">
      <UniqueIdentifier>{f4a18beb-f2b7-46ba-b847-6f308d6bed60}</UniqueIdentifier>
    </Filter>
    <Filter Include="Source Files\crypto">
      <UniqueIdentifier>{0bbb5da1-b12f-47a1-894b-6da518ed74a9}</UniqueIdentifier>
    </Filter>
    <Filter Include="Source Files\db">
      <UniqueIdentifier>{b1d967e4-01d8-4a3c-bef7-2977f7aea6d4}</UniqueIdentifier>
    </Filter>
    <Filter Include="Source Files\encoding">
      <UniqueIdentifier>{ee9cb3c3-4152-438b-bcd9-e0e984f13848}</UniqueIdentifier>
    </Filter>
    <Filter Include="Source Files\fs">
      <UniqueIdentifier>{3d3138f1-d1de-4c60-91df-9e89c4f6017a}</UniqueIdentifier>
    </Filter>
    <Filter Include="Source Files\global">
      <UniqueIdentifier>{4abc6ba6-e0ab-4e0d-bf9f-1d7425e3466a}</UniqueIdentifier>
    </Filter>
    <Filter Include="Source Files\http">
      <UniqueIdentifier>{37ec93ec-a878-449f-a7cb-69d7fcfa2522}</UniqueIdentifier>
    </Filter>
    <Filter Include="Source Files\io">
      <UniqueIdentifier>{d3a3f60a-2b4f-40d8-939c-8ee17cbf0597}</UniqueIdentifier>
    </Filter>
    <Filter Include="Source Files\mq">
      <UniqueIdentifier>{4c1406ab-a4cd-4ab6-8255-ab5c7cfc7330}</UniqueIdentifier>
    </Filter>
    <Filter Include="Source Files\net">
      <UniqueIdentifier>{cae93f02-cf8b-4696-a09a-b095d8ebc0f5}</UniqueIdentifier>
    </Filter>
    <Filter Include="Source Files\os">
      <UniqueIdentifier>{a7f59df3-1295-4363-9f3d-107a9b7d69c1}</UniqueIdentifier>
    </Filter>
    <Filter Include="Source Files\other">
      <UniqueIdentifier>{04833fa6-0b7e-4d5d-b181-a16bff5ed551}</UniqueIdentifier>
    </Filter>
    <Filter Include="Source Files\process">
      <UniqueIdentifier>{04833fa6-0b7e-4d5d-b181-a16bff876551}</UniqueIdentifier>
    </Filter>
    <Filter Include="Source Files\sandbox">
      <UniqueIdentifier>{85fa45f7-0a7e-4bd5-925e-4b3d4a29c5d3}</UniqueIdentifier>
    </Filter>
    <Filter Include="Source Files\ssl">
      <UniqueIdentifier>{7edf2814-df42-45ac-ba53-2994d9b899da}</UniqueIdentifier>
    </Filter>
    <Filter Include="Source Files\test">
      <UniqueIdentifier>{738857ff-6fdf-45de-a694-9cad078ce95f}</UniqueIdentifier>
    </Filter>
    <Filter Include="Source Files\util">
      <UniqueIdentifier>{945da416-5bd3-459c-9fab-dcd508905810}</UniqueIdentifier>
    </Filter>
    <Filter Include="Source Files\db\mongo">
      <UniqueIdentifier>{75561b53-cdf7-436e-b33c-4cd2f0fe6f47}</UniqueIdentifier>
    </Filter>
    <Filter Include="Source Files\db\redis">
      <UniqueIdentifier>{c9599219-9685-4479-804f-84eee38676f9}</UniqueIdentifier>
    </Filter>
    <Filter Include="Source Files\db\sql">
      <UniqueIdentifier>{25a41a94-135a-492b-aa04-91ee236b5e8a}</UniqueIdentifier>
    </Filter>
    <Filter Include="Source Files\xml">
      <UniqueIdentifier>{bb0b6946-169f-4796-b08c-abcf056dcc11}</UniqueIdentifier>
    </Filter>
    <Filter Include="Source Files\profiler">
      <UniqueIdentifier>{85b70cf4-a7fa-4ff4-bfd0-c67c1a59802f}</UniqueIdentifier>
    </Filter>
    <Filter Include="Source Files\websocket">
      <UniqueIdentifier>{232f65a2-2152-4311-bdc2-fd62de813074}</UniqueIdentifier>
    </Filter>
    <Filter Include="Source Files\zip">
      <UniqueIdentifier>{232f65a2-2952-4311-bdc2-fd62de813074}</UniqueIdentifier>
    </Filter>
    <Filter Include="Source Files\gui">
      <UniqueIdentifier>{e8cdf02f-85bb-4df8-a15c-b433f9d81990}</UniqueIdentifier>
    </Filter>
    <Filter Include="Source Files\gui\windows">
      <UniqueIdentifier>{a476549c-29a8-48c2-90f6-86461ec65ec1}</UniqueIdentifier>
    </Filter>
    <Filter Include="Source Files\console\windows">
      <UniqueIdentifier>{7fb72345-4287-421d-8385-7003e2036426}</UniqueIdentifier>
    </Filter>
  </ItemGroup>
  <ItemGroup>
    <ClInclude Include="include\ifs\console.h">
      <Filter>Header Files\ifs</Filter>
    </ClInclude>
    <ClInclude Include="include\ifs\os.h">
      <Filter>Header Files\ifs</Filter>
    </ClInclude>
    <ClInclude Include="include\ifs\file.h">
      <Filter>Header Files\ifs</Filter>
    </ClInclude>
    <ClInclude Include="include\ifs\Buffer.h">
      <Filter>Header Files\ifs</Filter>
    </ClInclude>
    <ClInclude Include="include\ifs\Fiber.h">
      <Filter>Header Files\ifs</Filter>
    </ClInclude>
    <ClInclude Include="include\ifs\global.h">
      <Filter>Header Files\ifs</Filter>
    </ClInclude>
    <ClInclude Include="include\ifs\object.h">
      <Filter>Header Files\ifs</Filter>
    </ClInclude>
    <ClInclude Include="include\ifs\stream.h">
      <Filter>Header Files\ifs</Filter>
    </ClInclude>
    <ClInclude Include="include\ifs\assert.h">
      <Filter>Header Files\ifs</Filter>
    </ClInclude>
    <ClInclude Include="include\ifs\path.h">
      <Filter>Header Files\ifs</Filter>
    </ClInclude>
    <ClInclude Include="include\ifs\coroutine.h">
      <Filter>Header Files\ifs</Filter>
    </ClInclude>
    <ClInclude Include="include\ifs\encoding.h">
      <Filter>Header Files\ifs</Filter>
    </ClInclude>
    <ClInclude Include="include\ifs\Event.h">
      <Filter>Header Files\ifs</Filter>
    </ClInclude>
    <ClInclude Include="include\ifs\module.h">
      <Filter>Header Files\ifs</Filter>
    </ClInclude>
    <ClInclude Include="include\ifs\Stat.h">
      <Filter>Header Files\ifs</Filter>
    </ClInclude>
    <ClInclude Include="include\ifs\net.h">
      <Filter>Header Files\ifs</Filter>
    </ClInclude>
    <ClInclude Include="include\ifs\Socket.h">
      <Filter>Header Files\ifs</Filter>
    </ClInclude>
    <ClInclude Include="include\ifs\Condition.h">
      <Filter>Header Files\ifs</Filter>
    </ClInclude>
    <ClInclude Include="include\ifs\Lock.h">
      <Filter>Header Files\ifs</Filter>
    </ClInclude>
    <ClInclude Include="include\ifs\Semaphore.h">
      <Filter>Header Files\ifs</Filter>
    </ClInclude>
    <ClInclude Include="include\ifs\RpcTask.h">
      <Filter>Header Files\ifs</Filter>
    </ClInclude>
    <ClInclude Include="include\ifs\Trigger.h">
      <Filter>Header Files\ifs</Filter>
    </ClInclude>
    <ClInclude Include="include\ifs\io.h">
      <Filter>Header Files\ifs</Filter>
    </ClInclude>
    <ClInclude Include="include\ifs\MemoryStream.h">
      <Filter>Header Files\ifs</Filter>
    </ClInclude>
    <ClInclude Include="include\ifs\BufferedStream.h">
      <Filter>Header Files\ifs</Filter>
    </ClInclude>
    <ClInclude Include="include\ifs\uuid.h">
      <Filter>Header Files\ifs</Filter>
    </ClInclude>
    <ClInclude Include="include\ifs\uuidValue.h">
      <Filter>Header Files\ifs</Filter>
    </ClInclude>
    <ClInclude Include="include\ifs\Url.h">
      <Filter>Header Files\ifs</Filter>
    </ClInclude>
    <ClInclude Include="include\ifs\db.h">
      <Filter>Header Files\ifs</Filter>
    </ClInclude>
    <ClInclude Include="include\ifs\DbConnection.h">
      <Filter>Header Files\ifs</Filter>
    </ClInclude>
    <ClInclude Include="include\ifs\DBResult.h">
      <Filter>Header Files\ifs</Filter>
    </ClInclude>
    <ClInclude Include="include\ifs\DBRow.h">
      <Filter>Header Files\ifs</Filter>
    </ClInclude>
    <ClInclude Include="include\ifs\MySQL.h">
      <Filter>Header Files\ifs</Filter>
    </ClInclude>
    <ClInclude Include="include\ifs\SQLite.h">
      <Filter>Header Files\ifs</Filter>
    </ClInclude>
    <ClInclude Include="include\ifs\Digest.h">
      <Filter>Header Files\ifs</Filter>
    </ClInclude>
    <ClInclude Include="include\ifs\hash.h">
      <Filter>Header Files\ifs</Filter>
    </ClInclude>
    <ClInclude Include="include\ifs\http.h">
      <Filter>Header Files\ifs</Filter>
    </ClInclude>
    <ClInclude Include="include\ifs\HttpCollection.h">
      <Filter>Header Files\ifs</Filter>
    </ClInclude>
    <ClInclude Include="include\ifs\HttpMessage.h">
      <Filter>Header Files\ifs</Filter>
    </ClInclude>
    <ClInclude Include="include\ifs\HttpRequest.h">
      <Filter>Header Files\ifs</Filter>
    </ClInclude>
    <ClInclude Include="include\ifs\HttpResponse.h">
      <Filter>Header Files\ifs</Filter>
    </ClInclude>
    <ClInclude Include="include\ifs\SeekableStream.h">
      <Filter>Header Files\ifs</Filter>
    </ClInclude>
    <ClInclude Include="include\ifs\re.h">
      <Filter>Header Files\ifs</Filter>
    </ClInclude>
    <ClInclude Include="include\ifs\Regex.h">
      <Filter>Header Files\ifs</Filter>
    </ClInclude>
    <ClInclude Include="include\ifs\collection.h">
      <Filter>Header Files\ifs</Filter>
    </ClInclude>
    <ClInclude Include="include\ifs\Map.h">
      <Filter>Header Files\ifs</Filter>
    </ClInclude>
    <ClInclude Include="include\ifs\Message.h">
      <Filter>Header Files\ifs</Filter>
    </ClInclude>
    <ClInclude Include="include\ifs\Chain.h">
      <Filter>Header Files\ifs</Filter>
    </ClInclude>
    <ClInclude Include="include\ifs\Handler.h">
      <Filter>Header Files\ifs</Filter>
    </ClInclude>
    <ClInclude Include="include\ifs\HandlerEx.h">
      <Filter>Header Files\ifs</Filter>
    </ClInclude>
    <ClInclude Include="include\ifs\mq.h">
      <Filter>Header Files\ifs</Filter>
    </ClInclude>
    <ClInclude Include="include\ifs\Routing.h">
      <Filter>Header Files\ifs</Filter>
    </ClInclude>
    <ClInclude Include="include\ifs\HttpUploadData.h">
      <Filter>Header Files\ifs</Filter>
    </ClInclude>
    <ClInclude Include="include\ifs\rpc.h">
      <Filter>Header Files\ifs</Filter>
    </ClInclude>
    <ClInclude Include="include\ifs\HttpHandler.h">
      <Filter>Header Files\ifs</Filter>
    </ClInclude>
    <ClInclude Include="include\ifs\List.h">
      <Filter>Header Files\ifs</Filter>
    </ClInclude>
    <ClInclude Include="include\ifs\gd.h">
      <Filter>Header Files\ifs</Filter>
    </ClInclude>
    <ClInclude Include="include\ifs\Image.h">
      <Filter>Header Files\ifs</Filter>
    </ClInclude>
    <ClInclude Include="include\ifs\zlib.h">
      <Filter>Header Files\ifs</Filter>
    </ClInclude>
    <ClInclude Include="include\ifs\fs.h">
      <Filter>Header Files\ifs</Filter>
    </ClInclude>
    <ClInclude Include="include\ifs\process.h">
      <Filter>Header Files\ifs</Filter>
    </ClInclude>
    <ClInclude Include="include\ifs\SandBox.h">
      <Filter>Header Files\ifs</Filter>
    </ClInclude>
    <ClInclude Include="include\ifs\vm.h">
      <Filter>Header Files\ifs</Filter>
    </ClInclude>
    <ClInclude Include="include\ifs\websocket.h">
      <Filter>Header Files\ifs</Filter>
    </ClInclude>
    <ClInclude Include="include\ifs\WebSocketHandler.h">
      <Filter>Header Files\ifs</Filter>
    </ClInclude>
    <ClInclude Include="include\ifs\WebSocketMessage.h">
      <Filter>Header Files\ifs</Filter>
    </ClInclude>
    <ClInclude Include="include\ifs\MongoCollection.h">
      <Filter>Header Files\ifs</Filter>
    </ClInclude>
    <ClInclude Include="include\ifs\MongoDB.h">
      <Filter>Header Files\ifs</Filter>
    </ClInclude>
    <ClInclude Include="include\ifs\MongoID.h">
      <Filter>Header Files\ifs</Filter>
    </ClInclude>
    <ClInclude Include="include\ifs\MongoCursor.h">
      <Filter>Header Files\ifs</Filter>
    </ClInclude>
    <ClInclude Include="include\ifs\GridFS.h">
      <Filter>Header Files\ifs</Filter>
    </ClInclude>
    <ClInclude Include="include\ifs\AsyncWait.h">
      <Filter>Header Files\ifs</Filter>
    </ClInclude>
    <ClInclude Include="include\ifs\test.h">
      <Filter>Header Files\ifs</Filter>
    </ClInclude>
    <ClInclude Include="include\ifs\Expect.h">
      <Filter>Header Files\ifs</Filter>
    </ClInclude>
    <ClInclude Include="include\ifs\Stats.h">
      <Filter>Header Files\ifs</Filter>
    </ClInclude>
    <ClInclude Include="include\ifs\Queue.h">
      <Filter>Header Files\ifs</Filter>
    </ClInclude>
    <ClInclude Include="include\ifs\BlockQueue.h">
      <Filter>Header Files\ifs</Filter>
    </ClInclude>
    <ClInclude Include="include\ifs\Smtp.h">
      <Filter>Header Files\ifs</Filter>
    </ClInclude>
    <ClInclude Include="include\ifs\util.h">
      <Filter>Header Files\ifs</Filter>
    </ClInclude>
    <ClInclude Include="include\ifs\LruCache.h">
      <Filter>Header Files\ifs</Filter>
    </ClInclude>
    <ClInclude Include="include\ifs\HttpServer.h">
      <Filter>Header Files\ifs</Filter>
    </ClInclude>
    <ClInclude Include="include\ifs\TcpServer.h">
      <Filter>Header Files\ifs</Filter>
    </ClInclude>
    <ClInclude Include="include\ifs\ssl.h">
      <Filter>Header Files\ifs</Filter>
    </ClInclude>
    <ClInclude Include="include\ifs\SslSocket.h">
      <Filter>Header Files\ifs</Filter>
    </ClInclude>
    <ClInclude Include="include\ifs\Cipher.h">
      <Filter>Header Files\ifs</Filter>
    </ClInclude>
    <ClInclude Include="include\ifs\crypto.h">
      <Filter>Header Files\ifs</Filter>
    </ClInclude>
    <ClInclude Include="include\ifs\PKey.h">
      <Filter>Header Files\ifs</Filter>
    </ClInclude>
    <ClInclude Include="include\ifs\TextColor.h">
      <Filter>Header Files\ifs</Filter>
    </ClInclude>
    <ClInclude Include="include\ifs\X509Cert.h">
      <Filter>Header Files\ifs</Filter>
    </ClInclude>
    <ClInclude Include="include\ifs\X509Crl.h">
      <Filter>Header Files\ifs</Filter>
    </ClInclude>
    <ClInclude Include="include\ifs\X509Req.h">
      <Filter>Header Files\ifs</Filter>
    </ClInclude>
    <ClInclude Include="include\ifs\SslHandler.h">
      <Filter>Header Files\ifs</Filter>
    </ClInclude>
    <ClInclude Include="include\ifs\SslServer.h">
      <Filter>Header Files\ifs</Filter>
    </ClInclude>
    <ClInclude Include="include\ifs\HttpsServer.h">
      <Filter>Header Files\ifs</Filter>
    </ClInclude>
    <ClInclude Include="include\AsyncCall.h">
      <Filter>Header Files</Filter>
    </ClInclude>
    <ClInclude Include="include\AsyncIO.h">
      <Filter>Header Files</Filter>
    </ClInclude>
    <ClInclude Include="include\AsyncWaitHandler.h">
      <Filter>Header Files</Filter>
    </ClInclude>
    <ClInclude Include="include\BlockQueue.h">
      <Filter>Header Files</Filter>
    </ClInclude>
    <ClInclude Include="include\Buffer.h">
      <Filter>Header Files</Filter>
    </ClInclude>
    <ClInclude Include="include\BufferedStream.h">
      <Filter>Header Files</Filter>
    </ClInclude>
    <ClInclude Include="include\Chain.h">
      <Filter>Header Files</Filter>
    </ClInclude>
    <ClInclude Include="include\Cipher.h">
      <Filter>Header Files</Filter>
    </ClInclude>
    <ClInclude Include="include\ClassInfo.h">
      <Filter>Header Files</Filter>
    </ClInclude>
    <ClInclude Include="include\Condition.h">
      <Filter>Header Files</Filter>
    </ClInclude>
    <ClInclude Include="include\console.h">
      <Filter>Header Files</Filter>
    </ClInclude>
    <ClInclude Include="include\date.h">
      <Filter>Header Files</Filter>
    </ClInclude>
    <ClInclude Include="include\DateCache.h">
      <Filter>Header Files</Filter>
    </ClInclude>
    <ClInclude Include="include\DBField.h">
      <Filter>Header Files</Filter>
    </ClInclude>
    <ClInclude Include="include\DBResult.h">
      <Filter>Header Files</Filter>
    </ClInclude>
    <ClInclude Include="include\DBRow.h">
      <Filter>Header Files</Filter>
    </ClInclude>
    <ClInclude Include="include\Digest.h">
      <Filter>Header Files</Filter>
    </ClInclude>
    <ClInclude Include="include\encoding_bson.h">
      <Filter>Header Files</Filter>
    </ClInclude>
    <ClInclude Include="include\Event.h">
      <Filter>Header Files</Filter>
    </ClInclude>
    <ClInclude Include="include\Expect.h">
      <Filter>Header Files</Filter>
    </ClInclude>
    <ClInclude Include="include\Fiber.h">
      <Filter>Header Files</Filter>
    </ClInclude>
    <ClInclude Include="include\File.h">
      <Filter>Header Files</Filter>
    </ClInclude>
    <ClInclude Include="include\GridFS.h">
      <Filter>Header Files</Filter>
    </ClInclude>
    <ClInclude Include="include\HttpCollection.h">
      <Filter>Header Files</Filter>
    </ClInclude>
    <ClInclude Include="include\HttpFileHandler.h">
      <Filter>Header Files</Filter>
    </ClInclude>
    <ClInclude Include="include\HttpHandler.h">
      <Filter>Header Files</Filter>
    </ClInclude>
    <ClInclude Include="include\HttpMessage.h">
      <Filter>Header Files</Filter>
    </ClInclude>
    <ClInclude Include="include\HttpRequest.h">
      <Filter>Header Files</Filter>
    </ClInclude>
    <ClInclude Include="include\HttpResponse.h">
      <Filter>Header Files</Filter>
    </ClInclude>
    <ClInclude Include="include\HttpServer.h">
      <Filter>Header Files</Filter>
    </ClInclude>
    <ClInclude Include="include\HttpUploadCollection.h">
      <Filter>Header Files</Filter>
    </ClInclude>
    <ClInclude Include="include\HttpUploadData.h">
      <Filter>Header Files</Filter>
    </ClInclude>
    <ClInclude Include="include\Image.h">
      <Filter>Header Files</Filter>
    </ClInclude>
    <ClInclude Include="include\inetAddr.h">
      <Filter>Header Files</Filter>
    </ClInclude>
    <ClInclude Include="include\JSHandler.h">
      <Filter>Header Files</Filter>
    </ClInclude>
    <ClInclude Include="include\JsonRpcHandler.h">
      <Filter>Header Files</Filter>
    </ClInclude>
    <ClInclude Include="include\List.h">
      <Filter>Header Files</Filter>
    </ClInclude>
    <ClInclude Include="include\Lock.h">
      <Filter>Header Files</Filter>
    </ClInclude>
    <ClInclude Include="include\LruCache.h">
      <Filter>Header Files</Filter>
    </ClInclude>
    <ClInclude Include="include\Map.h">
      <Filter>Header Files</Filter>
    </ClInclude>
    <ClInclude Include="include\MemoryStream.h">
      <Filter>Header Files</Filter>
    </ClInclude>
    <ClInclude Include="include\Message.h">
      <Filter>Header Files</Filter>
    </ClInclude>
    <ClInclude Include="include\MongoCollection.h">
      <Filter>Header Files</Filter>
    </ClInclude>
    <ClInclude Include="include\MongoCursor.h">
      <Filter>Header Files</Filter>
    </ClInclude>
    <ClInclude Include="include\MongoDB.h">
      <Filter>Header Files</Filter>
    </ClInclude>
    <ClInclude Include="include\MongoID.h">
      <Filter>Header Files</Filter>
    </ClInclude>
    <ClInclude Include="include\mysql.h">
      <Filter>Header Files</Filter>
    </ClInclude>
    <ClInclude Include="include\NullHandler.h">
      <Filter>Header Files</Filter>
    </ClInclude>
    <ClInclude Include="include\obj_ptr.h">
      <Filter>Header Files</Filter>
    </ClInclude>
    <ClInclude Include="include\object.h">
      <Filter>Header Files</Filter>
    </ClInclude>
    <ClInclude Include="include\parse.h">
      <Filter>Header Files</Filter>
    </ClInclude>
    <ClInclude Include="include\PKey.h">
      <Filter>Header Files</Filter>
    </ClInclude>
    <ClInclude Include="include\qstring.h">
      <Filter>Header Files</Filter>
    </ClInclude>
    <ClInclude Include="include\Queue.h">
      <Filter>Header Files</Filter>
    </ClInclude>
    <ClInclude Include="include\QuickArray.h">
      <Filter>Header Files</Filter>
    </ClInclude>
    <ClInclude Include="include\Regex.h">
      <Filter>Header Files</Filter>
    </ClInclude>
    <ClInclude Include="include\Routing.h">
      <Filter>Header Files</Filter>
    </ClInclude>
    <ClInclude Include="include\Runtime.h">
      <Filter>Header Files</Filter>
    </ClInclude>
    <ClInclude Include="include\SandBox.h">
      <Filter>Header Files</Filter>
    </ClInclude>
    <ClInclude Include="include\Semaph.h">
      <Filter>Header Files</Filter>
    </ClInclude>
    <ClInclude Include="include\Smtp.h">
      <Filter>Header Files</Filter>
    </ClInclude>
    <ClInclude Include="include\Socket.h">
      <Filter>Header Files</Filter>
    </ClInclude>
    <ClInclude Include="include\Socket_api.h">
      <Filter>Header Files</Filter>
    </ClInclude>
    <ClInclude Include="include\SQLite.h">
      <Filter>Header Files</Filter>
    </ClInclude>
    <ClInclude Include="include\RpcTask.h">
      <Filter>Header Files</Filter>
    </ClInclude>
    <ClInclude Include="include\ssl.h">
      <Filter>Header Files</Filter>
    </ClInclude>
    <ClInclude Include="include\SslHandler.h">
      <Filter>Header Files</Filter>
    </ClInclude>
    <ClInclude Include="include\SslServer.h">
      <Filter>Header Files</Filter>
    </ClInclude>
    <ClInclude Include="include\SslSocket.h">
      <Filter>Header Files</Filter>
    </ClInclude>
    <ClInclude Include="include\Stat.h">
      <Filter>Header Files</Filter>
    </ClInclude>
    <ClInclude Include="include\Stats.h">
      <Filter>Header Files</Filter>
    </ClInclude>
    <ClInclude Include="include\StringBuffer.h">
      <Filter>Header Files</Filter>
    </ClInclude>
    <ClInclude Include="include\TcpServer.h">
      <Filter>Header Files</Filter>
    </ClInclude>
    <ClInclude Include="include\TextColor.h">
      <Filter>Header Files</Filter>
    </ClInclude>
    <ClInclude Include="include\Trigger.h">
      <Filter>Header Files</Filter>
    </ClInclude>
    <ClInclude Include="include\Timer.h">
      <Filter>Header Files</Filter>
    </ClInclude>
    <ClInclude Include="include\Url.h">
      <Filter>Header Files</Filter>
    </ClInclude>
    <ClInclude Include="include\utf8.h">
      <Filter>Header Files</Filter>
    </ClInclude>
    <ClInclude Include="include\utils.h">
      <Filter>Header Files</Filter>
    </ClInclude>
    <ClInclude Include="include\uuidVar.h">
      <Filter>Header Files</Filter>
    </ClInclude>
    <ClInclude Include="include\Variant.h">
      <Filter>Header Files</Filter>
    </ClInclude>
    <ClInclude Include="include\X509Cert.h">
      <Filter>Header Files</Filter>
    </ClInclude>
    <ClInclude Include="include\X509Crl.h">
      <Filter>Header Files</Filter>
    </ClInclude>
    <ClInclude Include="include\X509Req.h">
      <Filter>Header Files</Filter>
    </ClInclude>
    <ClInclude Include="include\ifs\LevelDB.h">
      <Filter>Header Files\ifs</Filter>
    </ClInclude>
    <ClInclude Include="include\LevelDB.h">
      <Filter>Header Files</Filter>
    </ClInclude>
    <ClInclude Include="include\encoding_iconv.h">
      <Filter>Header Files</Filter>
    </ClInclude>
    <ClInclude Include="include\ifs\Redis.h">
      <Filter>Header Files\ifs</Filter>
    </ClInclude>
    <ClInclude Include="include\Redis.h">
      <Filter>Header Files</Filter>
    </ClInclude>
    <ClInclude Include="include\ifs\RedisHash.h">
      <Filter>Header Files\ifs</Filter>
    </ClInclude>
    <ClInclude Include="include\RedisHash.h">
      <Filter>Header Files</Filter>
    </ClInclude>
    <ClInclude Include="include\ifs\RedisList.h">
      <Filter>Header Files\ifs</Filter>
    </ClInclude>
    <ClInclude Include="include\RedisList.h">
      <Filter>Header Files</Filter>
    </ClInclude>
    <ClInclude Include="include\ifs\RedisSet.h">
      <Filter>Header Files\ifs</Filter>
    </ClInclude>
    <ClInclude Include="include\RedisSet.h">
      <Filter>Header Files</Filter>
    </ClInclude>
    <ClInclude Include="include\ifs\RedisSortedSet.h">
      <Filter>Header Files\ifs</Filter>
    </ClInclude>
    <ClInclude Include="include\RedisSortedSet.h">
      <Filter>Header Files</Filter>
    </ClInclude>
    <ClInclude Include="include\ifs\HttpCookie.h">
      <Filter>Header Files\ifs</Filter>
    </ClInclude>
    <ClInclude Include="include\HttpCookie.h">
      <Filter>Header Files</Filter>
    </ClInclude>
    <ClInclude Include="include\ifs\Int64.h">
      <Filter>Header Files\ifs</Filter>
    </ClInclude>
    <ClInclude Include="include\Int64.h">
      <Filter>Header Files</Filter>
    </ClInclude>
    <ClInclude Include="include\ifs\Timer.h">
      <Filter>Header Files\ifs</Filter>
    </ClInclude>
    <ClInclude Include="include\ifs\XmlText.h">
      <Filter>Header Files\ifs</Filter>
    </ClInclude>
    <ClInclude Include="include\ifs\XmlNodeList.h">
      <Filter>Header Files\ifs</Filter>
    </ClInclude>
    <ClInclude Include="include\ifs\XmlNode.h">
      <Filter>Header Files\ifs</Filter>
    </ClInclude>
    <ClInclude Include="include\ifs\XmlElement.h">
      <Filter>Header Files\ifs</Filter>
    </ClInclude>
    <ClInclude Include="include\ifs\XmlDocumentType.h">
      <Filter>Header Files\ifs</Filter>
    </ClInclude>
    <ClInclude Include="include\ifs\XmlDocument.h">
      <Filter>Header Files\ifs</Filter>
    </ClInclude>
    <ClInclude Include="include\ifs\XmlComment.h">
      <Filter>Header Files\ifs</Filter>
    </ClInclude>
    <ClInclude Include="include\ifs\XmlCharacterData.h">
      <Filter>Header Files\ifs</Filter>
    </ClInclude>
    <ClInclude Include="include\ifs\XmlCDATASection.h">
      <Filter>Header Files\ifs</Filter>
    </ClInclude>
    <ClInclude Include="include\ifs\XmlAttr.h">
      <Filter>Header Files\ifs</Filter>
    </ClInclude>
    <ClInclude Include="include\ifs\xml.h">
      <Filter>Header Files\ifs</Filter>
    </ClInclude>
    <ClInclude Include="include\XmlParser.h">
      <Filter>Header Files</Filter>
    </ClInclude>
    <ClInclude Include="include\XmlDocument.h">
      <Filter>Header Files</Filter>
    </ClInclude>
    <ClInclude Include="include\ifs\XmlProcessingInstruction.h">
      <Filter>Header Files\ifs</Filter>
    </ClInclude>
    <ClInclude Include="include\ifs\XmlNamedNodeMap.h">
      <Filter>Header Files\ifs</Filter>
    </ClInclude>
    <ClInclude Include="include\XmlText.h">
      <Filter>Header Files</Filter>
    </ClInclude>
    <ClInclude Include="include\XmlProcessingInstruction.h">
      <Filter>Header Files</Filter>
    </ClInclude>
    <ClInclude Include="include\XmlNodeList.h">
      <Filter>Header Files</Filter>
    </ClInclude>
    <ClInclude Include="include\XmlNodeImpl.h">
      <Filter>Header Files</Filter>
    </ClInclude>
    <ClInclude Include="include\XmlElement.h">
      <Filter>Header Files</Filter>
    </ClInclude>
    <ClInclude Include="include\XmlDocumentType.h">
      <Filter>Header Files</Filter>
    </ClInclude>
    <ClInclude Include="include\XmlComment.h">
      <Filter>Header Files</Filter>
    </ClInclude>
    <ClInclude Include="include\XmlCDATASection.h">
      <Filter>Header Files</Filter>
    </ClInclude>
    <ClInclude Include="include\XmlAttr.h">
      <Filter>Header Files</Filter>
    </ClInclude>
    <ClInclude Include="include\XmlDataImpl.h">
      <Filter>Header Files</Filter>
    </ClInclude>
    <ClInclude Include="include\XmlNamedNodeMap.h">
      <Filter>Header Files</Filter>
    </ClInclude>
    <ClInclude Include="include\ifs\HeapGraphEdge.h">
      <Filter>Header Files\ifs</Filter>
    </ClInclude>
    <ClInclude Include="include\ifs\HeapGraphNode.h">
      <Filter>Header Files\ifs</Filter>
    </ClInclude>
    <ClInclude Include="include\ifs\HeapSnapshot.h">
      <Filter>Header Files\ifs</Filter>
    </ClInclude>
    <ClInclude Include="include\ifs\profiler.h">
      <Filter>Header Files\ifs</Filter>
    </ClInclude>
    <ClInclude Include="include\HeapGraphEdge.h">
      <Filter>Header Files</Filter>
    </ClInclude>
    <ClInclude Include="include\HeapGraphNode.h">
      <Filter>Header Files</Filter>
    </ClInclude>
    <ClInclude Include="include\HeapSnapshot.h">
      <Filter>Header Files</Filter>
    </ClInclude>
    <ClInclude Include="include\HttpsServer.h">
      <Filter>Header Files</Filter>
    </ClInclude>
    <ClInclude Include="include\Isolate.h">
      <Filter>Header Files</Filter>
    </ClInclude>
    <ClInclude Include="include\HeapProxy.h">
      <Filter>Header Files</Filter>
    </ClInclude>
    <ClInclude Include="include\WebSocketHandler.h">
      <Filter>Header Files</Filter>
    </ClInclude>
    <ClInclude Include="include\WebSocketMessage.h">
      <Filter>Header Files</Filter>
    </ClInclude>
    <ClInclude Include="include\ZipFile.h">
      <Filter>Header Files</Filter>
    </ClInclude>
    <ClInclude Include="include\ifs\iconv.h">
      <Filter>Header Files\ifs</Filter>
    </ClInclude>
    <ClInclude Include="include\ifs\json.h">
      <Filter>Header Files\ifs</Filter>
    </ClInclude>
    <ClInclude Include="include\ifs\base32.h">
      <Filter>Header Files\ifs</Filter>
    </ClInclude>
    <ClInclude Include="include\ifs\base64.h">
      <Filter>Header Files\ifs</Filter>
    </ClInclude>
    <ClInclude Include="include\ifs\base64vlq.h">
      <Filter>Header Files\ifs</Filter>
    </ClInclude>
    <ClInclude Include="include\ifs\bson.h">
      <Filter>Header Files\ifs</Filter>
    </ClInclude>
    <ClInclude Include="include\ifs\hex.h">
      <Filter>Header Files\ifs</Filter>
    </ClInclude>
    <ClInclude Include="include\ifs\ZipInfo.h">
      <Filter>Header Files\ifs</Filter>
    </ClInclude>
    <ClInclude Include="include\ifs\ZipFile.h">
      <Filter>Header Files\ifs</Filter>
    </ClInclude>
    <ClInclude Include="include\ifs\zip.h">
      <Filter>Header Files\ifs</Filter>
    </ClInclude>
    <ClInclude Include="include\ifs\HttpClient.h">
      <Filter>Header Files</Filter>
    </ClInclude>
    <ClInclude Include="include\ifs\gui.h">
      <Filter>Header Files\ifs</Filter>
    </ClInclude>
    <ClInclude Include="include\ifs\SubProcess.h">
      <Filter>Header Files\ifs</Filter>
    </ClInclude>
    <ClInclude Include="include\ifs\WebView.h">
      <Filter>Header Files\ifs</Filter>
    </ClInclude>
    <ClInclude Include="include\encoding.h">
      <Filter>Header Files</Filter>
    </ClInclude>
    <ClInclude Include="include\HttpClient.h">
      <Filter>Header Files</Filter>
    </ClInclude>
    <ClInclude Include="include\path.h">
      <Filter>Header Files</Filter>
    </ClInclude>
    <ClInclude Include="include\SubProcess.h">
      <Filter>Header Files</Filter>
    </ClInclude>
    <ClInclude Include="src\gui\windows\WebView.h">
      <Filter>Source Files\gui\windows</Filter>
    </ClInclude>
    <ClInclude Include="include\ifs\Service.h">
      <Filter>Header Files\ifs</Filter>
    </ClInclude>
    <ClInclude Include="include\Service.h">
      <Filter>Header Files</Filter>
    </ClInclude>
  </ItemGroup>
  <ItemGroup>
    <None Include="include\object_async.inl">
      <Filter>Header Files</Filter>
    </None>
  </ItemGroup>
  <ItemGroup>
    <ClCompile Include="src\base\acPool.cpp">
      <Filter>Source Files\base</Filter>
    </ClCompile>
    <ClCompile Include="src\base\date.cpp">
      <Filter>Source Files\base</Filter>
    </ClCompile>
    <ClCompile Include="src\base\fibjs.cpp">
      <Filter>Source Files\base</Filter>
    </ClCompile>
    <ClCompile Include="src\base\fuck_sym.cpp">
      <Filter>Source Files\base</Filter>
    </ClCompile>
    <ClCompile Include="src\base\mem_trace.cpp">
      <Filter>Source Files\base</Filter>
    </ClCompile>
    <ClCompile Include="src\base\options.cpp">
      <Filter>Source Files\base</Filter>
    </ClCompile>
    <ClCompile Include="src\base\profile.cpp">
      <Filter>Source Files\base</Filter>
    </ClCompile>
    <ClCompile Include="src\base\Runtime.cpp">
      <Filter>Source Files\base</Filter>
    </ClCompile>
    <ClCompile Include="src\base\utf8.cpp">
      <Filter>Source Files\base</Filter>
    </ClCompile>
    <ClCompile Include="src\base\utils.cpp">
      <Filter>Source Files\base</Filter>
    </ClCompile>
    <ClCompile Include="src\base\Variant.cpp">
      <Filter>Source Files\base</Filter>
    </ClCompile>
    <ClCompile Include="src\collection\List.cpp">
      <Filter>Source Files\collection</Filter>
    </ClCompile>
    <ClCompile Include="src\collection\Map.cpp">
      <Filter>Source Files\collection</Filter>
    </ClCompile>
    <ClCompile Include="src\collection\Queue.cpp">
      <Filter>Source Files\collection</Filter>
    </ClCompile>
    <ClCompile Include="src\console\console.cpp">
      <Filter>Source Files\console</Filter>
    </ClCompile>
    <ClCompile Include="src\console\console_file.cpp">
      <Filter>Source Files\console</Filter>
    </ClCompile>
    <ClCompile Include="src\console\console_log.cpp">
      <Filter>Source Files\console</Filter>
    </ClCompile>
    <ClCompile Include="src\console\console_std.cpp">
      <Filter>Source Files\console</Filter>
    </ClCompile>
    <ClCompile Include="src\console\console_stream.cpp">
      <Filter>Source Files\console</Filter>
    </ClCompile>
    <ClCompile Include="src\console\console_sys.cpp">
      <Filter>Source Files\console</Filter>
    </ClCompile>
    <ClCompile Include="src\console\console_event.cpp">
      <Filter>Source Files\console</Filter>
    </ClCompile>
    <ClCompile Include="src\console\TextColor.cpp">
      <Filter>Source Files\console</Filter>
    </ClCompile>
    <ClCompile Include="src\coroutine\BlockQueue.cpp">
      <Filter>Source Files\coroutine</Filter>
    </ClCompile>
    <ClCompile Include="src\coroutine\Condition.cpp">
      <Filter>Source Files\coroutine</Filter>
    </ClCompile>
    <ClCompile Include="src\coroutine\coroutine.cpp">
      <Filter>Source Files\coroutine</Filter>
    </ClCompile>
    <ClCompile Include="src\coroutine\Event.cpp">
      <Filter>Source Files\coroutine</Filter>
    </ClCompile>
    <ClCompile Include="src\coroutine\Fiber.cpp">
      <Filter>Source Files\coroutine</Filter>
    </ClCompile>
    <ClCompile Include="src\coroutine\Lock.cpp">
      <Filter>Source Files\coroutine</Filter>
    </ClCompile>
    <ClCompile Include="src\coroutine\Semaphore.cpp">
      <Filter>Source Files\coroutine</Filter>
    </ClCompile>
    <ClCompile Include="src\coroutine\Trigger.cpp">
      <Filter>Source Files\coroutine</Filter>
    </ClCompile>
    <ClCompile Include="src\crypto\Cipher.cpp">
      <Filter>Source Files\crypto</Filter>
    </ClCompile>
    <ClCompile Include="src\crypto\crypto.cpp">
      <Filter>Source Files\crypto</Filter>
    </ClCompile>
    <ClCompile Include="src\crypto\Digest.cpp">
      <Filter>Source Files\crypto</Filter>
    </ClCompile>
    <ClCompile Include="src\crypto\hash.cpp">
      <Filter>Source Files\crypto</Filter>
    </ClCompile>
    <ClCompile Include="src\crypto\PKey.cpp">
      <Filter>Source Files\crypto</Filter>
    </ClCompile>
    <ClCompile Include="src\crypto\X509Cert.cpp">
      <Filter>Source Files\crypto</Filter>
    </ClCompile>
    <ClCompile Include="src\crypto\X509Crl.cpp">
      <Filter>Source Files\crypto</Filter>
    </ClCompile>
    <ClCompile Include="src\crypto\X509Req.cpp">
      <Filter>Source Files\crypto</Filter>
    </ClCompile>
    <ClCompile Include="src\db\db.cpp">
      <Filter>Source Files\db</Filter>
    </ClCompile>
    <ClCompile Include="src\db\LevelDB.cpp">
      <Filter>Source Files\db</Filter>
    </ClCompile>
    <ClCompile Include="src\db\mongo\GridFS.cpp">
      <Filter>Source Files\db\mongo</Filter>
    </ClCompile>
    <ClCompile Include="src\db\mongo\MongoCollection.cpp">
      <Filter>Source Files\db\mongo</Filter>
    </ClCompile>
    <ClCompile Include="src\db\mongo\MongoCursor.cpp">
      <Filter>Source Files\db\mongo</Filter>
    </ClCompile>
    <ClCompile Include="src\db\mongo\MongoDB.cpp">
      <Filter>Source Files\db\mongo</Filter>
    </ClCompile>
    <ClCompile Include="src\db\redis\Redis.cpp">
      <Filter>Source Files\db\redis</Filter>
    </ClCompile>
    <ClCompile Include="src\db\redis\RedisHash.cpp">
      <Filter>Source Files\db\redis</Filter>
    </ClCompile>
    <ClCompile Include="src\db\redis\RedisList.cpp">
      <Filter>Source Files\db\redis</Filter>
    </ClCompile>
    <ClCompile Include="src\db\redis\RedisPubSub.cpp">
      <Filter>Source Files\db\redis</Filter>
    </ClCompile>
    <ClCompile Include="src\db\redis\RedisSet.cpp">
      <Filter>Source Files\db\redis</Filter>
    </ClCompile>
    <ClCompile Include="src\db\redis\RedisSortedSet.cpp">
      <Filter>Source Files\db\redis</Filter>
    </ClCompile>
    <ClCompile Include="src\db\sql\DBResult.cpp">
      <Filter>Source Files\db\sql</Filter>
    </ClCompile>
    <ClCompile Include="src\db\sql\DBRow.cpp">
      <Filter>Source Files\db\sql</Filter>
    </ClCompile>
    <ClCompile Include="src\db\sql\mysql.cpp">
      <Filter>Source Files\db\sql</Filter>
    </ClCompile>
    <ClCompile Include="src\db\sql\mssql.cpp">
      <Filter>Source Files\db\sql</Filter>
    </ClCompile>
    <ClCompile Include="src\db\sql\SQLite.cpp">
      <Filter>Source Files\db\sql</Filter>
    </ClCompile>
    <ClCompile Include="src\encoding\encoding.cpp">
      <Filter>Source Files\encoding</Filter>
    </ClCompile>
    <ClCompile Include="src\encoding\encoding_bson.cpp">
      <Filter>Source Files\encoding</Filter>
    </ClCompile>
    <ClCompile Include="src\encoding\encoding_iconv.cpp">
      <Filter>Source Files\encoding</Filter>
    </ClCompile>
    <ClCompile Include="src\encoding\encoding_json.cpp">
      <Filter>Source Files\encoding</Filter>
    </ClCompile>
    <ClCompile Include="src\fs\File.cpp">
      <Filter>Source Files\fs</Filter>
    </ClCompile>
    <ClCompile Include="src\fs\fs.cpp">
      <Filter>Source Files\fs</Filter>
    </ClCompile>
    <ClCompile Include="src\fs\path.cpp">
      <Filter>Source Files\fs</Filter>
    </ClCompile>
    <ClCompile Include="src\fs\Stat.cpp">
      <Filter>Source Files\fs</Filter>
    </ClCompile>
    <ClCompile Include="src\global\Buffer.cpp">
      <Filter>Source Files\global</Filter>
    </ClCompile>
    <ClCompile Include="src\global\global.cpp">
      <Filter>Source Files\global</Filter>
    </ClCompile>
    <ClCompile Include="src\global\Int64.cpp">
      <Filter>Source Files\global</Filter>
    </ClCompile>
    <ClCompile Include="src\global\Timer.cpp">
      <Filter>Source Files\global</Filter>
    </ClCompile>
    <ClCompile Include="src\http\http.cpp">
      <Filter>Source Files\http</Filter>
    </ClCompile>
    <ClCompile Include="src\http\HttpCollection.cpp">
      <Filter>Source Files\http</Filter>
    </ClCompile>
    <ClCompile Include="src\http\HttpCookie.cpp">
      <Filter>Source Files\http</Filter>
    </ClCompile>
    <ClCompile Include="src\http\HttpFileHandler.cpp">
      <Filter>Source Files\http</Filter>
    </ClCompile>
    <ClCompile Include="src\http\HttpHandler.cpp">
      <Filter>Source Files\http</Filter>
    </ClCompile>
    <ClCompile Include="src\http\HttpMessage.cpp">
      <Filter>Source Files\http</Filter>
    </ClCompile>
    <ClCompile Include="src\http\HttpRequest.cpp">
      <Filter>Source Files\http</Filter>
    </ClCompile>
    <ClCompile Include="src\http\HttpResponse.cpp">
      <Filter>Source Files\http</Filter>
    </ClCompile>
    <ClCompile Include="src\http\HttpServer.cpp">
      <Filter>Source Files\http</Filter>
    </ClCompile>
    <ClCompile Include="src\http\HttpsServer.cpp">
      <Filter>Source Files\http</Filter>
    </ClCompile>
    <ClCompile Include="src\http\HttpUploadCollection.cpp">
      <Filter>Source Files\http</Filter>
    </ClCompile>
    <ClCompile Include="src\http\HttpUploadData.cpp">
      <Filter>Source Files\http</Filter>
    </ClCompile>
    <ClCompile Include="src\io\AsyncIO_ev.cpp">
      <Filter>Source Files\io</Filter>
    </ClCompile>
    <ClCompile Include="src\io\AsyncIO_iocp.cpp">
      <Filter>Source Files\io</Filter>
    </ClCompile>
    <ClCompile Include="src\io\BufferedStream.cpp">
      <Filter>Source Files\io</Filter>
    </ClCompile>
    <ClCompile Include="src\io\io.cpp">
      <Filter>Source Files\io</Filter>
    </ClCompile>
    <ClCompile Include="src\io\MemoryCloneStream.cpp">
      <Filter>Source Files\io</Filter>
    </ClCompile>
    <ClCompile Include="src\io\MemoryStream.cpp">
      <Filter>Source Files\io</Filter>
    </ClCompile>
    <ClCompile Include="src\mq\AsyncWaitHandler.cpp">
      <Filter>Source Files\mq</Filter>
    </ClCompile>
    <ClCompile Include="src\mq\Chain.cpp">
      <Filter>Source Files\mq</Filter>
    </ClCompile>
    <ClCompile Include="src\mq\JSHandler.cpp">
      <Filter>Source Files\mq</Filter>
    </ClCompile>
    <ClCompile Include="src\mq\Message.cpp">
      <Filter>Source Files\mq</Filter>
    </ClCompile>
    <ClCompile Include="src\mq\mq.cpp">
      <Filter>Source Files\mq</Filter>
    </ClCompile>
    <ClCompile Include="src\mq\NullHandler.cpp">
      <Filter>Source Files\mq</Filter>
    </ClCompile>
    <ClCompile Include="src\mq\Routing.cpp">
      <Filter>Source Files\mq</Filter>
    </ClCompile>
    <ClCompile Include="src\net\inetAddr.cpp">
      <Filter>Source Files\net</Filter>
    </ClCompile>
    <ClCompile Include="src\net\net.cpp">
      <Filter>Source Files\net</Filter>
    </ClCompile>
    <ClCompile Include="src\net\Smtp.cpp">
      <Filter>Source Files\net</Filter>
    </ClCompile>
    <ClCompile Include="src\net\Socket.cpp">
      <Filter>Source Files\net</Filter>
    </ClCompile>
    <ClCompile Include="src\net\Socket_api.cpp">
      <Filter>Source Files\net</Filter>
    </ClCompile>
    <ClCompile Include="src\net\TcpServer.cpp">
      <Filter>Source Files\net</Filter>
    </ClCompile>
    <ClCompile Include="src\net\Url.cpp">
      <Filter>Source Files\net</Filter>
    </ClCompile>
    <ClCompile Include="src\util\LruCache.cpp">
      <Filter>Source Files\util</Filter>
    </ClCompile>
    <ClCompile Include="src\util\Stats.cpp">
      <Filter>Source Files\util</Filter>
    </ClCompile>
    <ClCompile Include="src\util\util.cpp">
      <Filter>Source Files\util</Filter>
    </ClCompile>
    <ClCompile Include="src\test\assert.cpp">
      <Filter>Source Files\test</Filter>
    </ClCompile>
    <ClCompile Include="src\test\Expect.cpp">
      <Filter>Source Files\test</Filter>
    </ClCompile>
    <ClCompile Include="src\test\test.cpp">
      <Filter>Source Files\test</Filter>
    </ClCompile>
    <ClCompile Include="src\ssl\ssl.cpp">
      <Filter>Source Files\ssl</Filter>
    </ClCompile>
    <ClCompile Include="src\ssl\SslHandler.cpp">
      <Filter>Source Files\ssl</Filter>
    </ClCompile>
    <ClCompile Include="src\ssl\SslServer.cpp">
      <Filter>Source Files\ssl</Filter>
    </ClCompile>
    <ClCompile Include="src\ssl\SslSocket.cpp">
      <Filter>Source Files\ssl</Filter>
    </ClCompile>
    <ClCompile Include="src\sandbox\SandBox.cpp">
      <Filter>Source Files\sandbox</Filter>
    </ClCompile>
    <ClCompile Include="src\sandbox\SandBox_repl.cpp">
      <Filter>Source Files\sandbox</Filter>
    </ClCompile>
    <ClCompile Include="src\sandbox\SandBox_run.cpp">
      <Filter>Source Files\sandbox</Filter>
    </ClCompile>
    <ClCompile Include="src\other\Image.cpp">
      <Filter>Source Files\other</Filter>
    </ClCompile>
    <ClCompile Include="src\other\JsonRpcHandler.cpp">
      <Filter>Source Files\other</Filter>
    </ClCompile>
    <ClCompile Include="src\other\RpcTask.cpp">
      <Filter>Source Files\coroutine</Filter>
    </ClCompile>
    <ClCompile Include="src\other\Regex.cpp">
      <Filter>Source Files\other</Filter>
    </ClCompile>
    <ClCompile Include="src\other\uuidVar.cpp">
      <Filter>Source Files\other</Filter>
    </ClCompile>
    <ClCompile Include="src\os\os.cpp">
      <Filter>Source Files\os</Filter>
    </ClCompile>
    <ClCompile Include="src\os\os_freebsd.cpp">
      <Filter>Source Files\os</Filter>
    </ClCompile>
    <ClCompile Include="src\os\os_linux.cpp">
      <Filter>Source Files\os</Filter>
    </ClCompile>
    <ClCompile Include="src\os\os_osx.cpp">
      <Filter>Source Files\os</Filter>
    </ClCompile>
    <ClCompile Include="src\os\os_posix.cpp">
      <Filter>Source Files\os</Filter>
    </ClCompile>
    <ClCompile Include="src\os\os_win.cpp">
      <Filter>Source Files\os</Filter>
    </ClCompile>
    <ClCompile Include="src\process\process.cpp">
      <Filter>Source Files\process</Filter>
    </ClCompile>
    <ClCompile Include="src\process\SubProcess.cpp">
      <Filter>Source Files\process</Filter>
    </ClCompile>
    <ClCompile Include="src\process\SubProcess_posix.cpp">
      <Filter>Source Files\process</Filter>
    </ClCompile>
    <ClCompile Include="src\process\SubProcess_win.cpp">
      <Filter>Source Files\process</Filter>
    </ClCompile>
    <ClCompile Include="src\crypto\root_ca.cpp">
      <Filter>Source Files\crypto</Filter>
    </ClCompile>
    <ClCompile Include="src\xml\XmlDocument.cpp">
      <Filter>Source Files\xml</Filter>
    </ClCompile>
    <ClCompile Include="src\xml\XmlParser.cpp">
      <Filter>Source Files\xml</Filter>
    </ClCompile>
    <ClCompile Include="src\xml\XmlAttr.cpp">
      <Filter>Source Files\xml</Filter>
    </ClCompile>
    <ClCompile Include="src\xml\XmlCDATASection.cpp">
      <Filter>Source Files\xml</Filter>
    </ClCompile>
    <ClCompile Include="src\xml\XmlComment.cpp">
      <Filter>Source Files\xml</Filter>
    </ClCompile>
    <ClCompile Include="src\xml\XmlDocumentType.cpp">
      <Filter>Source Files\xml</Filter>
    </ClCompile>
    <ClCompile Include="src\xml\XmlElement.cpp">
      <Filter>Source Files\xml</Filter>
    </ClCompile>
    <ClCompile Include="src\xml\XmlNodeImpl.cpp">
      <Filter>Source Files\xml</Filter>
    </ClCompile>
    <ClCompile Include="src\xml\XmlNodeList.cpp">
      <Filter>Source Files\xml</Filter>
    </ClCompile>
    <ClCompile Include="src\xml\XmlProcessingInstruction.cpp">
      <Filter>Source Files\xml</Filter>
    </ClCompile>
    <ClCompile Include="src\xml\XmlText.cpp">
      <Filter>Source Files\xml</Filter>
    </ClCompile>
    <ClCompile Include="src\xml\XmlNamedNodeMap.cpp">
      <Filter>Source Files\xml</Filter>
    </ClCompile>
    <ClCompile Include="src\xml\XmlParser_html.cpp">
      <Filter>Source Files\xml</Filter>
    </ClCompile>
    <ClCompile Include="src\profiler\HeapDiff.cpp">
      <Filter>Source Files\profiler</Filter>
    </ClCompile>
    <ClCompile Include="src\profiler\HeapGraphEdge.cpp">
      <Filter>Source Files\profiler</Filter>
    </ClCompile>
    <ClCompile Include="src\profiler\HeapGraphNode.cpp">
      <Filter>Source Files\profiler</Filter>
    </ClCompile>
    <ClCompile Include="src\profiler\HeapProxy.cpp">
      <Filter>Source Files\profiler</Filter>
    </ClCompile>
    <ClCompile Include="src\profiler\HeapSnapshot.cpp">
      <Filter>Source Files\profiler</Filter>
    </ClCompile>
    <ClCompile Include="src\websocket\WebSocketHandler.cpp">
      <Filter>Source Files\websocket</Filter>
    </ClCompile>
    <ClCompile Include="src\websocket\WebSocketMessage.cpp">
      <Filter>Source Files\websocket</Filter>
    </ClCompile>
    <ClCompile Include="src\websocket\websocket.cpp">
      <Filter>Source Files\websocket</Filter>
    </ClCompile>
    <ClCompile Include="src\zip\zlib.cpp">
      <Filter>Source Files\zip</Filter>
    </ClCompile>
    <ClCompile Include="src\zip\ZipFile.cpp">
      <Filter>Source Files\zip</Filter>
    </ClCompile>
    <ClCompile Include="src\base\_test.cpp">
      <Filter>Source Files\base</Filter>
    </ClCompile>
    <ClCompile Include="src\base\date_cache.cpp">
      <Filter>Source Files\base</Filter>
    </ClCompile>
    <ClCompile Include="src\gui\windows\WebView.cpp">
      <Filter>Source Files\gui\windows</Filter>
    </ClCompile>
    <ClCompile Include="src\http\HttpClient.cpp">
      <Filter>Source Files\http</Filter>
    </ClCompile>
    <ClCompile Include="src\console\windows\console_key.cpp">
      <Filter>Source Files\console\windows</Filter>
    </ClCompile>
    <ClCompile Include="src\console\windows\console_mouse.cpp">
      <Filter>Source Files\console\windows</Filter>
    </ClCompile>
    <ClCompile Include="src\os\Service_win.cpp">
      <Filter>Source Files\os</Filter>
    </ClCompile>
    <ClCompile Include="src\os\Service_other.cpp">
      <Filter>Source Files\os</Filter>
    </ClCompile>
  </ItemGroup>
  <ItemGroup>
    <ResourceCompile Include="res\fibjs.rc">
      <Filter>Resource Files</Filter>
    </ResourceCompile>
  </ItemGroup>
  <ItemGroup>
    <Image Include="res\fibjs.ico">
      <Filter>Resource Files</Filter>
    </Image>
  </ItemGroup>
</Project>