<?xml version="1.0" encoding="utf-8"?>
<Project ToolsVersion="4.0" xmlns="http://schemas.microsoft.com/developer/msbuild/2003">
  <ItemGroup>
    <Filter Include="Source Files">
      <UniqueIdentifier>{4FC737F1-C7A5-4376-A066-2A32D752A2FF}</UniqueIdentifier>
      <Extensions>cpp;c;cc;cxx;def;odl;idl;hpj;bat;asm;asmx</Extensions>
    </Filter>
    <Filter Include="Header Files">
      <UniqueIdentifier>{93995380-89BD-4b04-88EB-625FBE52EBFB}</UniqueIdentifier>
      <Extensions>h;hpp;hxx;hm;inl;inc;xsd</Extensions>
    </Filter>
    <Filter Include="Resource Files">
      <UniqueIdentifier>{67DA6AB6-F800-4c08-8B7A-83BB121AAD01}</UniqueIdentifier>
      <Extensions>rc;ico;cur;bmp;dlg;rc2;rct;bin;rgs;gif;jpg;jpeg;jpe;resx;tiff;tif;png;wav;mfcribbon-ms</Extensions>
    </Filter>
  </ItemGroup>
  <ItemGroup>
    <ClInclude Include="include\gd.h">
      <Filter>Header Files</Filter>
    </ClInclude>
    <ClInclude Include="include\gd_io.h">
      <Filter>Header Files</Filter>
    </ClInclude>
    <ClInclude Include="include\gdcache.h">
      <Filter>Header Files</Filter>
    </ClInclude>
    <ClInclude Include="include\gdfonts.h">
      <Filter>Header Files</Filter>
    </ClInclude>
    <ClInclude Include="include\gdfx.h">
      <Filter>Header Files</Filter>
    </ClInclude>
    <ClInclude Include="src\bmp.h">
      <Filter>Source Files</Filter>
    </ClInclude>
    <ClInclude Include="src\config.h">
      <Filter>Source Files</Filter>
    </ClInclude>
    <ClInclude Include="src\entities.h">
      <Filter>Source Files</Filter>
    </ClInclude>
    <ClInclude Include="src\gd.h">
      <Filter>Source Files</Filter>
    </ClInclude>
    <ClInclude Include="src\gd_color.h">
      <Filter>Source Files</Filter>
    </ClInclude>
    <ClInclude Include="src\gd_color_map.h">
      <Filter>Source Files</Filter>
    </ClInclude>
    <ClInclude Include="src\gd_io.h">
      <Filter>Source Files</Filter>
    </ClInclude>
    <ClInclude Include="src\gd_io_stream.h">
      <Filter>Source Files</Filter>
    </ClInclude>
    <ClInclude Include="src\gd_nnquant.h">
      <Filter>Source Files</Filter>
    </ClInclude>
    <ClInclude Include="src\gd_tga.h">
      <Filter>Source Files</Filter>
    </ClInclude>
    <ClInclude Include="src\gdfontg.h">
      <Filter>Source Files</Filter>
    </ClInclude>
    <ClInclude Include="src\gdfontl.h">
      <Filter>Source Files</Filter>
    </ClInclude>
    <ClInclude Include="src\gdfontmb.h">
      <Filter>Source Files</Filter>
    </ClInclude>
    <ClInclude Include="src\gdfonts.h">
      <Filter>Source Files</Filter>
    </ClInclude>
    <ClInclude Include="src\gdfontt.h">
      <Filter>Source Files</Filter>
    </ClInclude>
    <ClInclude Include="src\gdfx.h">
      <Filter>Source Files</Filter>
    </ClInclude>
    <ClInclude Include="src\gdhelpers.h">
      <Filter>Source Files</Filter>
    </ClInclude>
    <ClInclude Include="src\jisx0208.h">
      <Filter>Source Files</Filter>
    </ClInclude>
    <ClInclude Include="src\wbmp.h">
      <Filter>Source Files</Filter>
    </ClInclude>
  </ItemGroup>
  <ItemGroup>
    <ClCompile Include="src\gd.c">
      <Filter>Source Files</Filter>
    </ClCompile>
    <ClCompile Include="src\gd_bmp.c">
      <Filter>Source Files</Filter>
    </ClCompile>
    <ClCompile Include="src\gd_color.c">
      <Filter>Source Files</Filter>
    </ClCompile>
    <ClCompile Include="src\gd_color_map.c">
      <Filter>Source Files</Filter>
    </ClCompile>
    <ClCompile Include="src\gd_crop.c">
      <Filter>Source Files</Filter>
    </ClCompile>
    <ClCompile Include="src\gd_gd.c">
      <Filter>Source Files</Filter>
    </ClCompile>
    <ClCompile Include="src\gd_gd2.c">
      <Filter>Source Files</Filter>
    </ClCompile>
    <ClCompile Include="src\gd_gif_in.c">
      <Filter>Source Files</Filter>
    </ClCompile>
    <ClCompile Include="src\gd_gif_out.c">
      <Filter>Source Files</Filter>
    </ClCompile>
    <ClCompile Include="src\gd_io.c">
      <Filter>Source Files</Filter>
    </ClCompile>
    <ClCompile Include="src\gd_io_dp.c">
      <Filter>Source Files</Filter>
    </ClCompile>
    <ClCompile Include="src\gd_io_file.c">
      <Filter>Source Files</Filter>
    </ClCompile>
    <ClCompile Include="src\gd_io_ss.c">
      <Filter>Source Files</Filter>
    </ClCompile>
    <ClCompile Include="src\gd_jpeg.c">
      <Filter>Source Files</Filter>
    </ClCompile>
    <ClCompile Include="src\gd_nnquant.c">
      <Filter>Source Files</Filter>
    </ClCompile>
    <ClCompile Include="src\gd_pixelate.c">
      <Filter>Source Files</Filter>
    </ClCompile>
    <ClCompile Include="src\gd_png.c">
      <Filter>Source Files</Filter>
    </ClCompile>
    <ClCompile Include="src\gd_security.c">
      <Filter>Source Files</Filter>
    </ClCompile>
    <ClCompile Include="src\gd_ss.c">
      <Filter>Source Files</Filter>
    </ClCompile>
    <ClCompile Include="src\gd_tga.c">
      <Filter>Source Files</Filter>
    </ClCompile>
    <ClCompile Include="src\gd_tiff.c">
      <Filter>Source Files</Filter>
    </ClCompile>
    <ClCompile Include="src\gd_topal.c">
      <Filter>Source Files</Filter>
    </ClCompile>
    <ClCompile Include="src\gd_transform.c">
      <Filter>Source Files</Filter>
    </ClCompile>
    <ClCompile Include="src\gd_wbmp.c">
      <Filter>Source Files</Filter>
    </ClCompile>
    <ClCompile Include="src\gdcache.c">
      <Filter>Source Files</Filter>
    </ClCompile>
    <ClCompile Include="src\gdfontg.c">
      <Filter>Source Files</Filter>
    </ClCompile>
    <ClCompile Include="src\gdfontl.c">
      <Filter>Source Files</Filter>
    </ClCompile>
    <ClCompile Include="src\gdfontmb.c">
      <Filter>Source Files</Filter>
    </ClCompile>
    <ClCompile Include="src\gdfonts.c">
      <Filter>Source Files</Filter>
    </ClCompile>
    <ClCompile Include="src\gdfontt.c">
      <Filter>Source Files</Filter>
    </ClCompile>
    <ClCompile Include="src\gdft.c">
      <Filter>Source Files</Filter>
    </ClCompile>
    <ClCompile Include="src\gdhelpers.c">
      <Filter>Source Files</Filter>
    </ClCompile>
    <ClCompile Include="src\gdkanji.c">
      <Filter>Source Files</Filter>
    </ClCompile>
    <ClCompile Include="src\gdtables.c">
      <Filter>Source Files</Filter>
    </ClCompile>
    <ClCompile Include="src\gdxpm.c">
      <Filter>Source Files</Filter>
    </ClCompile>
  </ItemGroup>
</Project>