<?xml version="1.0" encoding="utf-8"?>
<Project ToolsVersion="4.0" xmlns="http://schemas.microsoft.com/developer/msbuild/2003">
  <ItemGroup>
    <Filter Include="Source Files">
      <UniqueIdentifier>{4FC737F1-C7A5-4376-A066-2A32D752A2FF}</UniqueIdentifier>
      <Extensions>cpp;c;cc;cxx;def;odl;idl;hpj;bat;asm;asmx</Extensions>
    </Filter>
    <Filter Include="Header Files">
      <UniqueIdentifier>{93995380-89BD-4b04-88EB-625FBE52EBFB}</UniqueIdentifier>
      <Extensions>h;hpp;hxx;hm;inl;inc;xsd</Extensions>
    </Filter>
    <Filter Include="Resource Files">
      <UniqueIdentifier>{67DA6AB6-F800-4c08-8B7A-83BB121AAD01}</UniqueIdentifier>
      <Extensions>rc;ico;cur;bmp;dlg;rc2;rct;bin;rgs;gif;jpg;jpeg;jpe;resx;tiff;tif;png;wav;mfcribbon-ms</Extensions>
    </Filter>
  </ItemGroup>
  <ItemGroup>
    <ClInclude Include="include\event.h">
      <Filter>Header Files</Filter>
    </ClInclude>
    <ClInclude Include="include\fiber.h">
      <Filter>Header Files</Filter>
    </ClInclude>
    <ClInclude Include="include\lockfree.h">
      <Filter>Header Files</Filter>
    </ClInclude>
    <ClInclude Include="include\osconfig.h">
      <Filter>Header Files</Filter>
    </ClInclude>
    <ClInclude Include="include\thread.h">
      <Filter>Header Files</Filter>
    </ClInclude>
    <ClInclude Include="include\utils.h">
      <Filter>Header Files</Filter>
    </ClInclude>
    <ClInclude Include="include\utils_arm.h">
      <Filter>Header Files</Filter>
    </ClInclude>
    <ClInclude Include="include\utils_win.h">
      <Filter>Header Files</Filter>
    </ClInclude>
    <ClInclude Include="include\utils_x64.h">
      <Filter>Header Files</Filter>
    </ClInclude>
    <ClInclude Include="include\utils_x86.h">
      <Filter>Header Files</Filter>
    </ClInclude>
    <ClInclude Include="include\service.h">
      <Filter>Header Files</Filter>
    </ClInclude>
  </ItemGroup>
  <ItemGroup>
    <ClCompile Include="src\fbAsyncEvent.cpp">
      <Filter>Source Files</Filter>
    </ClCompile>
    <ClCompile Include="src\fbCondVar.cpp">
      <Filter>Source Files</Filter>
    </ClCompile>
    <ClCompile Include="src\fbEvent.cpp">
      <Filter>Source Files</Filter>
    </ClCompile>
    <ClCompile Include="src\fbFiber.cpp">
      <Filter>Source Files</Filter>
    </ClCompile>
    <ClCompile Include="src\fbLocker.cpp">
      <Filter>Source Files</Filter>
    </ClCompile>
    <ClCompile Include="src\fbSemaphore.cpp">
      <Filter>Source Files</Filter>
    </ClCompile>
    <ClCompile Include="src\fbService.cpp">
      <Filter>Source Files</Filter>
    </ClCompile>
    <ClCompile Include="src\fbSwitch.cpp">
      <Filter>Source Files</Filter>
    </ClCompile>
    <ClCompile Include="src\fbTls.cpp">
      <Filter>Source Files</Filter>
    </ClCompile>
    <ClCompile Include="src\fbUtils.cpp">
      <Filter>Source Files</Filter>
    </ClCompile>
    <ClCompile Include="src\thread.cpp">
      <Filter>Source Files</Filter>
    </ClCompile>
  </ItemGroup>
  <ItemGroup>
    <CustomBuild Include="src\fb_switch.asm">
      <Filter>Source Files</Filter>
    </CustomBuild>
  </ItemGroup>
</Project>