<?xml version="1.0" encoding="utf-8"?>
<Project ToolsVersion="4.0" xmlns="http://schemas.microsoft.com/developer/msbuild/2003">
  <ItemGroup>
    <Filter Include="Source Files">
      <UniqueIdentifier>{4FC737F1-C7A5-4376-A066-2A32D752A2FF}</UniqueIdentifier>
      <Extensions>cpp;c;cc;cxx;def;odl;idl;hpj;bat;asm;asmx</Extensions>
    </Filter>
    <Filter Include="Header Files">
      <UniqueIdentifier>{93995380-89BD-4b04-88EB-625FBE52EBFB}</UniqueIdentifier>
      <Extensions>h;hpp;hxx;hm;inl;inc;xsd</Extensions>
    </Filter>
    <Filter Include="Resource Files">
      <UniqueIdentifier>{67DA6AB6-F800-4c08-8B7A-83BB121AAD01}</UniqueIdentifier>
      <Extensions>rc;ico;cur;bmp;dlg;rc2;rct;bin;rgs;gif;jpg;jpeg;jpe;resx;tiff;tif;png;wav;mfcribbon-ms</Extensions>
    </Filter>
    <Filter Include="Source Files\db">
      <UniqueIdentifier>{a6541298-91cd-4c72-a231-970ac84a03e5}</UniqueIdentifier>
    </Filter>
    <Filter Include="Source Files\port">
      <UniqueIdentifier>{29d6f834-d153-420e-840f-0be0756273b9}</UniqueIdentifier>
    </Filter>
    <Filter Include="Source Files\table">
      <UniqueIdentifier>{8d87cc20-8fb0-4141-96c6-c4ab84005209}</UniqueIdentifier>
    </Filter>
    <Filter Include="Source Files\util">
      <UniqueIdentifier>{437933fa-11fb-4539-9841-8e11271b98a6}</UniqueIdentifier>
    </Filter>
  </ItemGroup>
  <ItemGroup>
    <ClInclude Include="db\builder.h">
      <Filter>Source Files\db</Filter>
    </ClInclude>
    <ClInclude Include="db\db_impl.h">
      <Filter>Source Files\db</Filter>
    </ClInclude>
    <ClInclude Include="db\db_iter.h">
      <Filter>Source Files\db</Filter>
    </ClInclude>
    <ClInclude Include="db\dbformat.h">
      <Filter>Source Files\db</Filter>
    </ClInclude>
    <ClInclude Include="db\filename.h">
      <Filter>Source Files\db</Filter>
    </ClInclude>
    <ClInclude Include="db\log_format.h">
      <Filter>Source Files\db</Filter>
    </ClInclude>
    <ClInclude Include="db\log_reader.h">
      <Filter>Source Files\db</Filter>
    </ClInclude>
    <ClInclude Include="db\log_writer.h">
      <Filter>Source Files\db</Filter>
    </ClInclude>
    <ClInclude Include="db\memtable.h">
      <Filter>Source Files\db</Filter>
    </ClInclude>
    <ClInclude Include="db\skiplist.h">
      <Filter>Source Files\db</Filter>
    </ClInclude>
    <ClInclude Include="db\snapshot.h">
      <Filter>Source Files\db</Filter>
    </ClInclude>
    <ClInclude Include="db\table_cache.h">
      <Filter>Source Files\db</Filter>
    </ClInclude>
    <ClInclude Include="db\version_edit.h">
      <Filter>Source Files\db</Filter>
    </ClInclude>
    <ClInclude Include="db\version_set.h">
      <Filter>Source Files\db</Filter>
    </ClInclude>
    <ClInclude Include="db\write_batch_internal.h">
      <Filter>Source Files\db</Filter>
    </ClInclude>
    <ClInclude Include="port\port.h">
      <Filter>Source Files\port</Filter>
    </ClInclude>
    <ClInclude Include="port\thread_annotations.h">
      <Filter>Source Files\port</Filter>
    </ClInclude>
    <ClInclude Include="table\block.h">
      <Filter>Source Files\table</Filter>
    </ClInclude>
    <ClInclude Include="table\block_builder.h">
      <Filter>Source Files\table</Filter>
    </ClInclude>
    <ClInclude Include="table\filter_block.h">
      <Filter>Source Files\table</Filter>
    </ClInclude>
    <ClInclude Include="table\format.h">
      <Filter>Source Files\table</Filter>
    </ClInclude>
    <ClInclude Include="table\iterator_wrapper.h">
      <Filter>Source Files\table</Filter>
    </ClInclude>
    <ClInclude Include="table\merger.h">
      <Filter>Source Files\table</Filter>
    </ClInclude>
    <ClInclude Include="table\two_level_iterator.h">
      <Filter>Source Files\table</Filter>
    </ClInclude>
    <ClInclude Include="util\arena.h">
      <Filter>Source Files\util</Filter>
    </ClInclude>
    <ClInclude Include="util\coding.h">
      <Filter>Source Files\util</Filter>
    </ClInclude>
    <ClInclude Include="util\crc32c.h">
      <Filter>Source Files\util</Filter>
    </ClInclude>
    <ClInclude Include="util\hash.h">
      <Filter>Source Files\util</Filter>
    </ClInclude>
    <ClInclude Include="util\histogram.h">
      <Filter>Source Files\util</Filter>
    </ClInclude>
    <ClInclude Include="util\logging.h">
      <Filter>Source Files\util</Filter>
    </ClInclude>
    <ClInclude Include="util\mutexlock.h">
      <Filter>Source Files\util</Filter>
    </ClInclude>
    <ClInclude Include="util\posix_logger.h">
      <Filter>Source Files\util</Filter>
    </ClInclude>
    <ClInclude Include="util\random.h">
      <Filter>Source Files\util</Filter>
    </ClInclude>
    <ClInclude Include="util\testharness.h">
      <Filter>Source Files\util</Filter>
    </ClInclude>
    <ClInclude Include="util\testutil.h">
      <Filter>Source Files\util</Filter>
    </ClInclude>
    <ClInclude Include="util\win_logger.h">
      <Filter>Source Files\util</Filter>
    </ClInclude>
    <ClInclude Include="cache.h">
      <Filter>Header Files</Filter>
    </ClInclude>
    <ClInclude Include="comparator.h">
      <Filter>Header Files</Filter>
    </ClInclude>
    <ClInclude Include="db.h">
      <Filter>Header Files</Filter>
    </ClInclude>
    <ClInclude Include="env.h">
      <Filter>Header Files</Filter>
    </ClInclude>
    <ClInclude Include="filter_policy.h">
      <Filter>Header Files</Filter>
    </ClInclude>
    <ClInclude Include="iterator.h">
      <Filter>Header Files</Filter>
    </ClInclude>
    <ClInclude Include="options.h">
      <Filter>Header Files</Filter>
    </ClInclude>
    <ClInclude Include="slice.h">
      <Filter>Header Files</Filter>
    </ClInclude>
    <ClInclude Include="status.h">
      <Filter>Header Files</Filter>
    </ClInclude>
    <ClInclude Include="table.h">
      <Filter>Header Files</Filter>
    </ClInclude>
    <ClInclude Include="table_builder.h">
      <Filter>Header Files</Filter>
    </ClInclude>
    <ClInclude Include="write_batch.h">
      <Filter>Header Files</Filter>
    </ClInclude>
  </ItemGroup>
  <ItemGroup>
    <ClCompile Include="db\builder.cc">
      <Filter>Source Files\db</Filter>
    </ClCompile>
    <ClCompile Include="db\db_impl.cc">
      <Filter>Source Files\db</Filter>
    </ClCompile>
    <ClCompile Include="db\db_iter.cc">
      <Filter>Source Files\db</Filter>
    </ClCompile>
    <ClCompile Include="db\dbformat.cc">
      <Filter>Source Files\db</Filter>
    </ClCompile>
    <ClCompile Include="db\filename.cc">
      <Filter>Source Files\db</Filter>
    </ClCompile>
    <ClCompile Include="db\log_reader.cc">
      <Filter>Source Files\db</Filter>
    </ClCompile>
    <ClCompile Include="db\log_writer.cc">
      <Filter>Source Files\db</Filter>
    </ClCompile>
    <ClCompile Include="db\memtable.cc">
      <Filter>Source Files\db</Filter>
    </ClCompile>
    <ClCompile Include="db\repair.cc">
      <Filter>Source Files\db</Filter>
    </ClCompile>
    <ClCompile Include="db\table_cache.cc">
      <Filter>Source Files\db</Filter>
    </ClCompile>
    <ClCompile Include="db\version_edit.cc">
      <Filter>Source Files\db</Filter>
    </ClCompile>
    <ClCompile Include="db\version_set.cc">
      <Filter>Source Files\db</Filter>
    </ClCompile>
    <ClCompile Include="db\write_batch.cc">
      <Filter>Source Files\db</Filter>
    </ClCompile>
    <ClCompile Include="table\block.cc">
      <Filter>Source Files\table</Filter>
    </ClCompile>
    <ClCompile Include="table\block_builder.cc">
      <Filter>Source Files\table</Filter>
    </ClCompile>
    <ClCompile Include="table\filter_block.cc">
      <Filter>Source Files\table</Filter>
    </ClCompile>
    <ClCompile Include="table\format.cc">
      <Filter>Source Files\table</Filter>
    </ClCompile>
    <ClCompile Include="table\iterator.cc">
      <Filter>Source Files\table</Filter>
    </ClCompile>
    <ClCompile Include="table\merger.cc">
      <Filter>Source Files\table</Filter>
    </ClCompile>
    <ClCompile Include="table\table.cc">
      <Filter>Source Files\table</Filter>
    </ClCompile>
    <ClCompile Include="table\table_builder.cc">
      <Filter>Source Files\table</Filter>
    </ClCompile>
    <ClCompile Include="table\two_level_iterator.cc">
      <Filter>Source Files\table</Filter>
    </ClCompile>
    <ClCompile Include="util\arena.cc">
      <Filter>Source Files\util</Filter>
    </ClCompile>
    <ClCompile Include="util\bloom.cc">
      <Filter>Source Files\util</Filter>
    </ClCompile>
    <ClCompile Include="util\cache.cc">
      <Filter>Source Files\util</Filter>
    </ClCompile>
    <ClCompile Include="util\coding.cc">
      <Filter>Source Files\util</Filter>
    </ClCompile>
    <ClCompile Include="util\comparator.cc">
      <Filter>Source Files\util</Filter>
    </ClCompile>
    <ClCompile Include="util\crc32c.cc">
      <Filter>Source Files\util</Filter>
    </ClCompile>
    <ClCompile Include="util\db_logging.cc">
      <Filter>Source Files\util</Filter>
    </ClCompile>
    <ClCompile Include="util\env.cc">
      <Filter>Source Files\util</Filter>
    </ClCompile>
    <ClCompile Include="util\env_posix.cc">
      <Filter>Source Files\util</Filter>
    </ClCompile>
    <ClCompile Include="util\env_win.cc">
      <Filter>Source Files\util</Filter>
    </ClCompile>
    <ClCompile Include="util\filter_policy.cc">
      <Filter>Source Files\util</Filter>
    </ClCompile>
    <ClCompile Include="util\hash.cc">
      <Filter>Source Files\util</Filter>
    </ClCompile>
    <ClCompile Include="util\histogram.cc">
      <Filter>Source Files\util</Filter>
    </ClCompile>
    <ClCompile Include="util\options.cc">
      <Filter>Source Files\util</Filter>
    </ClCompile>
    <ClCompile Include="util\status.cc">
      <Filter>Source Files\util</Filter>
    </ClCompile>
    <ClCompile Include="util\testharness.cc">
      <Filter>Source Files\util</Filter>
    </ClCompile>
    <ClCompile Include="util\testutil.cc">
      <Filter>Source Files\util</Filter>
    </ClCompile>
    <ClCompile Include="util\win_logger.cc">
      <Filter>Source Files\util</Filter>
    </ClCompile>
  </ItemGroup>
</Project>