<?xml version="1.0" encoding="utf-8"?>
<Project ToolsVersion="4.0" xmlns="http://schemas.microsoft.com/developer/msbuild/2003">
  <ItemGroup>
    <Filter Include="Source Files">
      <UniqueIdentifier>{4FC737F1-C7A5-4376-A066-2A32D752A2FF}</UniqueIdentifier>
      <Extensions>cpp;c;cc;cxx;def;odl;idl;hpj;bat;asm;asmx</Extensions>
    </Filter>
    <Filter Include="Header Files">
      <UniqueIdentifier>{93995380-89BD-4b04-88EB-625FBE52EBFB}</UniqueIdentifier>
      <Extensions>h;hpp;hxx;hm;inl;inc;xsd</Extensions>
    </Filter>
    <Filter Include="Resource Files">
      <UniqueIdentifier>{67DA6AB6-F800-4c08-8B7A-83BB121AAD01}</UniqueIdentifier>
      <Extensions>rc;ico;cur;bmp;dlg;rc2;rct;bin;rgs;gif;jpg;jpeg;jpe;resx;tiff;tif;png;wav;mfcribbon-ms</Extensions>
    </Filter>
    <Filter Include="Source Files\sljit">
      <UniqueIdentifier>{2dd4d040-2cb3-484e-853c-35567d1a07b4}</UniqueIdentifier>
    </Filter>
  </ItemGroup>
  <ItemGroup>
    <ClInclude Include="src\config.h">
      <Filter>Source Files</Filter>
    </ClInclude>
    <ClInclude Include="src\pcre.h">
      <Filter>Source Files</Filter>
    </ClInclude>
    <ClInclude Include="src\pcre_internal.h">
      <Filter>Source Files</Filter>
    </ClInclude>
    <ClInclude Include="src\ucp.h">
      <Filter>Source Files</Filter>
    </ClInclude>
    <ClInclude Include="src\sljit\sljitConfig.h">
      <Filter>Source Files\sljit</Filter>
    </ClInclude>
    <ClInclude Include="src\sljit\sljitConfigInternal.h">
      <Filter>Source Files\sljit</Filter>
    </ClInclude>
    <ClInclude Include="src\sljit\sljitExecAllocator.h">
      <Filter>Source Files\sljit</Filter>
    </ClInclude>
    <ClInclude Include="src\sljit\sljitLir.h">
      <Filter>Source Files\sljit</Filter>
    </ClInclude>
    <ClInclude Include="src\sljit\sljitNativeARM_Thumb2.h">
      <Filter>Source Files\sljit</Filter>
    </ClInclude>
    <ClInclude Include="src\sljit\sljitNativeARM_v5.h">
      <Filter>Source Files\sljit</Filter>
    </ClInclude>
    <ClInclude Include="src\sljit\sljitNativeMIPS_32.h">
      <Filter>Source Files\sljit</Filter>
    </ClInclude>
    <ClInclude Include="src\sljit\sljitNativeMIPS_common.h">
      <Filter>Source Files\sljit</Filter>
    </ClInclude>
    <ClInclude Include="src\sljit\sljitNativePPC_32.h">
      <Filter>Source Files\sljit</Filter>
    </ClInclude>
    <ClInclude Include="src\sljit\sljitNativePPC_64.h">
      <Filter>Source Files\sljit</Filter>
    </ClInclude>
    <ClInclude Include="src\sljit\sljitNativePPC_common.h">
      <Filter>Source Files\sljit</Filter>
    </ClInclude>
    <ClInclude Include="src\sljit\sljitNativeX86_32.h">
      <Filter>Source Files\sljit</Filter>
    </ClInclude>
    <ClInclude Include="src\sljit\sljitNativeX86_64.h">
      <Filter>Source Files\sljit</Filter>
    </ClInclude>
    <ClInclude Include="src\sljit\sljitNativeX86_common.h">
      <Filter>Source Files\sljit</Filter>
    </ClInclude>
    <ClInclude Include="src\sljit\sljitUtils.h">
      <Filter>Source Files\sljit</Filter>
    </ClInclude>
  </ItemGroup>
  <ItemGroup>
    <ClCompile Include="src\pcre_chartables.c">
      <Filter>Source Files</Filter>
    </ClCompile>
    <ClCompile Include="src\pcre_compile.c">
      <Filter>Source Files</Filter>
    </ClCompile>
    <ClCompile Include="src\pcre_config.c">
      <Filter>Source Files</Filter>
    </ClCompile>
    <ClCompile Include="src\pcre_dfa_exec.c">
      <Filter>Source Files</Filter>
    </ClCompile>
    <ClCompile Include="src\pcre_exec.c">
      <Filter>Source Files</Filter>
    </ClCompile>
    <ClCompile Include="src\pcre_fullinfo.c">
      <Filter>Source Files</Filter>
    </ClCompile>
    <ClCompile Include="src\pcre_get.c">
      <Filter>Source Files</Filter>
    </ClCompile>
    <ClCompile Include="src\pcre_globals.c">
      <Filter>Source Files</Filter>
    </ClCompile>
    <ClCompile Include="src\pcre_info.c">
      <Filter>Source Files</Filter>
    </ClCompile>
    <ClCompile Include="src\pcre_jit_compile.c">
      <Filter>Source Files</Filter>
    </ClCompile>
    <ClCompile Include="src\pcre_maketables.c">
      <Filter>Source Files</Filter>
    </ClCompile>
    <ClCompile Include="src\pcre_newline.c">
      <Filter>Source Files</Filter>
    </ClCompile>
    <ClCompile Include="src\pcre_ord2utf8.c">
      <Filter>Source Files</Filter>
    </ClCompile>
    <ClCompile Include="src\pcre_refcount.c">
      <Filter>Source Files</Filter>
    </ClCompile>
    <ClCompile Include="src\pcre_study.c">
      <Filter>Source Files</Filter>
    </ClCompile>
    <ClCompile Include="src\pcre_tables.c">
      <Filter>Source Files</Filter>
    </ClCompile>
    <ClCompile Include="src\pcre_try_flipped.c">
      <Filter>Source Files</Filter>
    </ClCompile>
    <ClCompile Include="src\pcre_ucd.c">
      <Filter>Source Files</Filter>
    </ClCompile>
    <ClCompile Include="src\pcre_valid_utf8.c">
      <Filter>Source Files</Filter>
    </ClCompile>
    <ClCompile Include="src\pcre_version.c">
      <Filter>Source Files</Filter>
    </ClCompile>
    <ClCompile Include="src\pcre_xclass.c">
      <Filter>Source Files</Filter>
    </ClCompile>
    <ClCompile Include="src\sljit\sljitLir.c">
      <Filter>Source Files\sljit</Filter>
    </ClCompile>
  </ItemGroup>
</Project>